// !$*UTF8*$!
{
	archiveVersion = 1;
	classes = {
	};
	objectVersion = 46;
	objects = {

/* Begin PBXBuildFile section */
		1ECA7D791B6EB6DB004DEA62 /* Cursor.swift in Sources */ = {isa = PBXBuildFile; fileRef = 1ECA7D781B6EB6DB004DEA62 /* Cursor.swift */; };
		8700091C1B1A8843007EA4BA /* Connection.swift in Sources */ = {isa = PBXBuildFile; fileRef = 8700091B1B1A8843007EA4BA /* Connection.swift */; };
		8761696A1C022D37004401A0 /* ReactiveCocoa.framework in Frameworks */ = {isa = PBXBuildFile; fileRef = 876169691C022D37004401A0 /* ReactiveCocoa.framework */; };
		8761696C1C022D59004401A0 /* Quick.framework in Frameworks */ = {isa = PBXBuildFile; fileRef = 8761696B1C022D59004401A0 /* Quick.framework */; };
		8787D3E21B2E35F50095C616 /* Cursor.swift in Sources */ = {isa = PBXBuildFile; fileRef = 8787D3E11B2E35F50095C616 /* Cursor.swift */; };
		8791C84A1B13968C004798D7 /* libReQL.h in Headers */ = {isa = PBXBuildFile; fileRef = 8791C8491B13968C004798D7 /* libReQL.h */; settings = {ATTRIBUTES = (Public, ); }; };
		8791C8501B13968C004798D7 /* libReQL.framework in Frameworks */ = {isa = PBXBuildFile; fileRef = 8791C8451B13968C004798D7 /* libReQL.framework */; };
		87D5E8A71C2CEE0C00FF0509 /* array.hpp in Headers */ = {isa = PBXBuildFile; fileRef = 87D5E89B1C2CEE0C00FF0509 /* array.hpp */; };
		87D5E8A81C2CEE0C00FF0509 /* connection.hpp in Headers */ = {isa = PBXBuildFile; fileRef = 87D5E89C1C2CEE0C00FF0509 /* connection.hpp */; };
		87D5E8A91C2CEE0C00FF0509 /* decode.hpp in Headers */ = {isa = PBXBuildFile; fileRef = 87D5E89D1C2CEE0C00FF0509 /* decode.hpp */; };
		87D5E8AA1C2CEE0C00FF0509 /* error.hpp in Headers */ = {isa = PBXBuildFile; fileRef = 87D5E89E1C2CEE0C00FF0509 /* error.hpp */; };
		87D5E8AB1C2CEE0C00FF0509 /* handshake.hpp in Headers */ = {isa = PBXBuildFile; fileRef = 87D5E89F1C2CEE0C00FF0509 /* handshake.hpp */; };
		87D5E8AC1C2CEE0C00FF0509 /* null.hpp in Headers */ = {isa = PBXBuildFile; fileRef = 87D5E8A01C2CEE0C00FF0509 /* null.hpp */; };
		87D5E8AD1C2CEE0C00FF0509 /* object.hpp in Headers */ = {isa = PBXBuildFile; fileRef = 87D5E8A11C2CEE0C00FF0509 /* object.hpp */; };
		87D5E8AE1C2CEE0C00FF0509 /* protocol.hpp in Headers */ = {isa = PBXBuildFile; fileRef = 87D5E8A21C2CEE0C00FF0509 /* protocol.hpp */; };
		87D5E8AF1C2CEE0C00FF0509 /* query.hpp in Headers */ = {isa = PBXBuildFile; fileRef = 87D5E8A31C2CEE0C00FF0509 /* query.hpp */; };
		87D5E8B01C2CEE0C00FF0509 /* socket.hpp in Headers */ = {isa = PBXBuildFile; fileRef = 87D5E8A41C2CEE0C00FF0509 /* socket.hpp */; };
		87D5E8B11C2CEE0C00FF0509 /* string.hpp in Headers */ = {isa = PBXBuildFile; fileRef = 87D5E8A51C2CEE0C00FF0509 /* string.hpp */; };
		87D5E8B21C2CEE0C00FF0509 /* term.hpp in Headers */ = {isa = PBXBuildFile; fileRef = 87D5E8A61C2CEE0C00FF0509 /* term.hpp */; };
		87DAA63B1B13CB69005626BF /* Connection.h in Headers */ = {isa = PBXBuildFile; fileRef = 87DAA6391B13CB69005626BF /* Connection.h */; settings = {ATTRIBUTES = (Public, ); }; };
		87DAA63C1B13CB69005626BF /* Connection.mm in Sources */ = {isa = PBXBuildFile; fileRef = 87DAA63A1B13CB69005626BF /* Connection.mm */; };
		87DAA6431B13CB96005626BF /* Cursor.h in Headers */ = {isa = PBXBuildFile; fileRef = 87DAA6411B13CB96005626BF /* Cursor.h */; settings = {ATTRIBUTES = (Public, ); }; };
		87DAA6441B13CB96005626BF /* Cursor.mm in Sources */ = {isa = PBXBuildFile; fileRef = 87DAA6421B13CB96005626BF /* Cursor.mm */; };
		87DAA6471B13CBBE005626BF /* Query.h in Headers */ = {isa = PBXBuildFile; fileRef = 87DAA6451B13CBBE005626BF /* Query.h */; settings = {ATTRIBUTES = (Public, ); }; };
		87DAA6481B13CBBE005626BF /* Query.mm in Sources */ = {isa = PBXBuildFile; fileRef = 87DAA6461B13CBBE005626BF /* Query.mm */; };
		87DBB89A1BE6D01900F3E36B /* aggregation.swift in Sources */ = {isa = PBXBuildFile; fileRef = 87DBB8131BE6D01900F3E36B /* aggregation.swift */; };
		87DBB89B1BE6D01900F3E36B /* arity.swift in Sources */ = {isa = PBXBuildFile; fileRef = 87DBB8141BE6D01900F3E36B /* arity.swift */; };
		87DBB89C1BE6D01900F3E36B /* edge.swift in Sources */ = {isa = PBXBuildFile; fileRef = 87DBB8161BE6D01900F3E36B /* edge.swift */; };
		87DBB89D1BE6D01900F3E36B /* idxcopy.swift in Sources */ = {isa = PBXBuildFile; fileRef = 87DBB8171BE6D01900F3E36B /* idxcopy.swift */; };
		87DBB89E1BE6D01900F3E36B /* include_states.swift in Sources */ = {isa = PBXBuildFile; fileRef = 87DBB8181BE6D01900F3E36B /* include_states.swift */; };
		87DBB89F1BE6D01900F3E36B /* point.swift in Sources */ = {isa = PBXBuildFile; fileRef = 87DBB8191BE6D01900F3E36B /* point.swift */; };
		87DBB8A01BE6D01900F3E36B /* sindex.swift in Sources */ = {isa = PBXBuildFile; fileRef = 87DBB81A1BE6D01900F3E36B /* sindex.swift */; };
		87DBB8A11BE6D01900F3E36B /* squash.swift in Sources */ = {isa = PBXBuildFile; fileRef = 87DBB81B1BE6D01900F3E36B /* squash.swift */; };
		87DBB8A21BE6D01900F3E36B /* table.swift in Sources */ = {isa = PBXBuildFile; fileRef = 87DBB81C1BE6D01900F3E36B /* table.swift */; };
		87DBB8A31BE6D01900F3E36B /* control.swift in Sources */ = {isa = PBXBuildFile; fileRef = 87DBB81D1BE6D01900F3E36B /* control.swift */; };
		87DBB8A41BE6D01900F3E36B /* array.swift in Sources */ = {isa = PBXBuildFile; fileRef = 87DBB81F1BE6D01900F3E36B /* array.swift */; };
		87DBB8A51BE6D01900F3E36B /* binary.swift in Sources */ = {isa = PBXBuildFile; fileRef = 87DBB8201BE6D01900F3E36B /* binary.swift */; };
		87DBB8A61BE6D01900F3E36B /* bool.swift in Sources */ = {isa = PBXBuildFile; fileRef = 87DBB8211BE6D01900F3E36B /* bool.swift */; };
		87DBB8A71BE6D01900F3E36B /* null.swift in Sources */ = {isa = PBXBuildFile; fileRef = 87DBB8221BE6D01900F3E36B /* null.swift */; };
		87DBB8A81BE6D01900F3E36B /* number.swift in Sources */ = {isa = PBXBuildFile; fileRef = 87DBB8231BE6D01900F3E36B /* number.swift */; };
		87DBB8A91BE6D01900F3E36B /* object.swift in Sources */ = {isa = PBXBuildFile; fileRef = 87DBB8241BE6D01900F3E36B /* object.swift */; };
		87DBB8AA1BE6D01900F3E36B /* string.swift in Sources */ = {isa = PBXBuildFile; fileRef = 87DBB8251BE6D01900F3E36B /* string.swift */; };
		87DBB8AB1BE6D01900F3E36B /* typeof.swift in Sources */ = {isa = PBXBuildFile; fileRef = 87DBB8261BE6D01900F3E36B /* typeof.swift */; };
		87DBB8AC1BE6D01900F3E36B /* uuid.swift in Sources */ = {isa = PBXBuildFile; fileRef = 87DBB8271BE6D01900F3E36B /* uuid.swift */; };
		87DBB8AD1BE6D01900F3E36B /* default.swift in Sources */ = {isa = PBXBuildFile; fileRef = 87DBB8281BE6D01900F3E36B /* default.swift */; };
		87DBB8AE1BE6D01900F3E36B /* constructors.swift in Sources */ = {isa = PBXBuildFile; fileRef = 87DBB82A1BE6D01900F3E36B /* constructors.swift */; };
		87DBB8AF1BE6D01900F3E36B /* geojson.swift in Sources */ = {isa = PBXBuildFile; fileRef = 87DBB82B1BE6D01900F3E36B /* geojson.swift */; };
		87DBB8B01BE6D01900F3E36B /* indexing.swift in Sources */ = {isa = PBXBuildFile; fileRef = 87DBB82C1BE6D01900F3E36B /* indexing.swift */; };
		87DBB8B11BE6D01900F3E36B /* intersection_inclusion.swift in Sources */ = {isa = PBXBuildFile; fileRef = 87DBB82D1BE6D01900F3E36B /* intersection_inclusion.swift */; };
		87DBB8B21BE6D01900F3E36B /* operations.swift in Sources */ = {isa = PBXBuildFile; fileRef = 87DBB82E1BE6D01900F3E36B /* operations.swift */; };
		87DBB8B31BE6D01900F3E36B /* primitives.swift in Sources */ = {isa = PBXBuildFile; fileRef = 87DBB82F1BE6D01900F3E36B /* primitives.swift */; };
		87DBB8B41BE6D01900F3E36B /* joins.swift in Sources */ = {isa = PBXBuildFile; fileRef = 87DBB8301BE6D01900F3E36B /* joins.swift */; };
		87DBB8B51BE6D01900F3E36B /* json.swift in Sources */ = {isa = PBXBuildFile; fileRef = 87DBB8311BE6D01900F3E36B /* json.swift */; };
		87DBB8B61BE6D01900F3E36B /* limits.swift in Sources */ = {isa = PBXBuildFile; fileRef = 87DBB8321BE6D01900F3E36B /* limits.swift */; };
		87DBB8B71BE6D01900F3E36B /* match.swift in Sources */ = {isa = PBXBuildFile; fileRef = 87DBB8331BE6D01900F3E36B /* match.swift */; };
		87DBB8B81BE6D01900F3E36B /* add.swift in Sources */ = {isa = PBXBuildFile; fileRef = 87DBB8351BE6D01900F3E36B /* add.swift */; };
		87DBB8B91BE6D01900F3E36B /* aliases.swift in Sources */ = {isa = PBXBuildFile; fileRef = 87DBB8361BE6D01900F3E36B /* aliases.swift */; };
		87DBB8BA1BE6D01900F3E36B /* comparison.swift in Sources */ = {isa = PBXBuildFile; fileRef = 87DBB8371BE6D01900F3E36B /* comparison.swift */; };
		87DBB8BB1BE6D01900F3E36B /* div.swift in Sources */ = {isa = PBXBuildFile; fileRef = 87DBB8381BE6D01900F3E36B /* div.swift */; };
		87DBB8BC1BE6D01900F3E36B /* floor_ceil_round.swift in Sources */ = {isa = PBXBuildFile; fileRef = 87DBB8391BE6D01900F3E36B /* floor_ceil_round.swift */; };
		87DBB8BD1BE6D01900F3E36B /* logic.swift in Sources */ = {isa = PBXBuildFile; fileRef = 87DBB83A1BE6D01900F3E36B /* logic.swift */; };
		87DBB8BE1BE6D01900F3E36B /* math.swift in Sources */ = {isa = PBXBuildFile; fileRef = 87DBB83B1BE6D01900F3E36B /* math.swift */; };
		87DBB8BF1BE6D01900F3E36B /* mod.swift in Sources */ = {isa = PBXBuildFile; fileRef = 87DBB83C1BE6D01900F3E36B /* mod.swift */; };
		87DBB8C01BE6D01900F3E36B /* mul.swift in Sources */ = {isa = PBXBuildFile; fileRef = 87DBB83D1BE6D01900F3E36B /* mul.swift */; };
		87DBB8C11BE6D01900F3E36B /* sub.swift in Sources */ = {isa = PBXBuildFile; fileRef = 87DBB83E1BE6D01900F3E36B /* sub.swift */; };
		87DBB8C21BE6D01900F3E36B /* composite.swift in Sources */ = {isa = PBXBuildFile; fileRef = 87DBB8401BE6D01900F3E36B /* composite.swift */; };
		87DBB8C31BE6D01900F3E36B /* dbs.swift in Sources */ = {isa = PBXBuildFile; fileRef = 87DBB8411BE6D01900F3E36B /* dbs.swift */; };
		87DBB8C41BE6D01900F3E36B /* table48.swift in Sources */ = {isa = PBXBuildFile; fileRef = 87DBB8421BE6D01900F3E36B /* table48.swift */; };
		87DBB8C51BE6D01900F3E36B /* atomic_get_set.swift in Sources */ = {isa = PBXBuildFile; fileRef = 87DBB8441BE6D01900F3E36B /* atomic_get_set.swift */; };
		87DBB8C61BE6D01900F3E36B /* delete.swift in Sources */ = {isa = PBXBuildFile; fileRef = 87DBB8451BE6D01900F3E36B /* delete.swift */; };
		87DBB8C71BE6D01900F3E36B /* insert.swift in Sources */ = {isa = PBXBuildFile; fileRef = 87DBB8461BE6D01900F3E36B /* insert.swift */; };
		87DBB8C81BE6D01900F3E36B /* replace.swift in Sources */ = {isa = PBXBuildFile; fileRef = 87DBB8471BE6D01900F3E36B /* replace.swift */; };
		87DBB8C91BE6D01900F3E36B /* sync.swift in Sources */ = {isa = PBXBuildFile; fileRef = 87DBB8481BE6D01900F3E36B /* sync.swift */; };
		87DBB8CA1BE6D01900F3E36B /* update.swift in Sources */ = {isa = PBXBuildFile; fileRef = 87DBB8491BE6D01900F3E36B /* update.swift */; };
		87DBB8CB1BE6D01900F3E36B /* polymorphism.swift in Sources */ = {isa = PBXBuildFile; fileRef = 87DBB84A1BE6D01900F3E36B /* polymorphism.swift */; };
		87DBB8CC1BE6D01900F3E36B /* random.swift in Sources */ = {isa = PBXBuildFile; fileRef = 87DBB84B1BE6D01900F3E36B /* random.swift */; };
		87DBB8CD1BE6D01900F3E36B /* range.swift in Sources */ = {isa = PBXBuildFile; fileRef = 87DBB84C1BE6D01900F3E36B /* range.swift */; };
		87DBB8CE1BE6D01900F3E36B /* 1001.swift in Sources */ = {isa = PBXBuildFile; fileRef = 87DBB84E1BE6D01900F3E36B /* 1001.swift */; };
		87DBB8CF1BE6D01900F3E36B /* 1005.swift in Sources */ = {isa = PBXBuildFile; fileRef = 87DBB84F1BE6D01900F3E36B /* 1005.swift */; };
		87DBB8D01BE6D01900F3E36B /* 1023.swift in Sources */ = {isa = PBXBuildFile; fileRef = 87DBB8501BE6D01900F3E36B /* 1023.swift */; };
		87DBB8D11BE6D01900F3E36B /* 1081.swift in Sources */ = {isa = PBXBuildFile; fileRef = 87DBB8511BE6D01900F3E36B /* 1081.swift */; };
		87DBB8D21BE6D01900F3E36B /* 1132.swift in Sources */ = {isa = PBXBuildFile; fileRef = 87DBB8521BE6D01900F3E36B /* 1132.swift */; };
		87DBB8D31BE6D01900F3E36B /* 1133.swift in Sources */ = {isa = PBXBuildFile; fileRef = 87DBB8531BE6D01900F3E36B /* 1133.swift */; };
		87DBB8D41BE6D01900F3E36B /* 1155.swift in Sources */ = {isa = PBXBuildFile; fileRef = 87DBB8541BE6D01900F3E36B /* 1155.swift */; };
		87DBB8D51BE6D01900F3E36B /* 1179.swift in Sources */ = {isa = PBXBuildFile; fileRef = 87DBB8551BE6D01900F3E36B /* 1179.swift */; };
		87DBB8D61BE6D01900F3E36B /* 1468.swift in Sources */ = {isa = PBXBuildFile; fileRef = 87DBB8561BE6D01900F3E36B /* 1468.swift */; };
		87DBB8D71BE6D01900F3E36B /* 1789.swift in Sources */ = {isa = PBXBuildFile; fileRef = 87DBB8571BE6D01900F3E36B /* 1789.swift */; };
		87DBB8D81BE6D01900F3E36B /* 2052.swift in Sources */ = {isa = PBXBuildFile; fileRef = 87DBB8581BE6D01900F3E36B /* 2052.swift */; };
		87DBB8D91BE6D01900F3E36B /* 2399.swift in Sources */ = {isa = PBXBuildFile; fileRef = 87DBB8591BE6D01900F3E36B /* 2399.swift */; };
		87DBB8DA1BE6D01900F3E36B /* 2639.rb.swift in Sources */ = {isa = PBXBuildFile; fileRef = 87DBB85A1BE6D01900F3E36B /* 2639.rb.swift */; };
		87DBB8DB1BE6D01900F3E36B /* 2696.swift in Sources */ = {isa = PBXBuildFile; fileRef = 87DBB85B1BE6D01900F3E36B /* 2696.swift */; };
		87DBB8DC1BE6D01900F3E36B /* 2697.swift in Sources */ = {isa = PBXBuildFile; fileRef = 87DBB85C1BE6D01900F3E36B /* 2697.swift */; };
		87DBB8DD1BE6D01900F3E36B /* 2709.swift in Sources */ = {isa = PBXBuildFile; fileRef = 87DBB85D1BE6D01900F3E36B /* 2709.swift */; };
		87DBB8DE1BE6D01900F3E36B /* 2710.swift in Sources */ = {isa = PBXBuildFile; fileRef = 87DBB85E1BE6D01900F3E36B /* 2710.swift */; };
		87DBB8DF1BE6D01900F3E36B /* 2766.swift in Sources */ = {isa = PBXBuildFile; fileRef = 87DBB85F1BE6D01900F3E36B /* 2766.swift */; };
		87DBB8E01BE6D01900F3E36B /* 2767.swift in Sources */ = {isa = PBXBuildFile; fileRef = 87DBB8601BE6D01900F3E36B /* 2767.swift */; };
		87DBB8E11BE6D01900F3E36B /* 2774.swift in Sources */ = {isa = PBXBuildFile; fileRef = 87DBB8611BE6D01900F3E36B /* 2774.swift */; };
		87DBB8E21BE6D01900F3E36B /* 2838.swift in Sources */ = {isa = PBXBuildFile; fileRef = 87DBB8621BE6D01900F3E36B /* 2838.swift */; };
		87DBB8E31BE6D01900F3E36B /* 2930.swift in Sources */ = {isa = PBXBuildFile; fileRef = 87DBB8631BE6D01900F3E36B /* 2930.swift */; };
		87DBB8E41BE6D01900F3E36B /* 3057.swift in Sources */ = {isa = PBXBuildFile; fileRef = 87DBB8641BE6D01900F3E36B /* 3057.swift */; };
		87DBB8E51BE6D01900F3E36B /* 3059.swift in Sources */ = {isa = PBXBuildFile; fileRef = 87DBB8651BE6D01900F3E36B /* 3059.swift */; };
		87DBB8E61BE6D01900F3E36B /* 309.swift in Sources */ = {isa = PBXBuildFile; fileRef = 87DBB8661BE6D01900F3E36B /* 309.swift */; };
		87DBB8E71BE6D01900F3E36B /* 3444.swift in Sources */ = {isa = PBXBuildFile; fileRef = 87DBB8671BE6D01900F3E36B /* 3444.swift */; };
		87DBB8E81BE6D01900F3E36B /* 3449.swift in Sources */ = {isa = PBXBuildFile; fileRef = 87DBB8681BE6D01900F3E36B /* 3449.swift */; };
		87DBB8E91BE6D01900F3E36B /* 354.swift in Sources */ = {isa = PBXBuildFile; fileRef = 87DBB8691BE6D01900F3E36B /* 354.swift */; };
		87DBB8EA1BE6D01900F3E36B /* 3637.swift in Sources */ = {isa = PBXBuildFile; fileRef = 87DBB86A1BE6D01900F3E36B /* 3637.swift */; };
		87DBB8EB1BE6D01900F3E36B /* 370.swift in Sources */ = {isa = PBXBuildFile; fileRef = 87DBB86B1BE6D01900F3E36B /* 370.swift */; };
		87DBB8EC1BE6D01900F3E36B /* 3745.swift in Sources */ = {isa = PBXBuildFile; fileRef = 87DBB86C1BE6D01900F3E36B /* 3745.swift */; };
		87DBB8ED1BE6D01900F3E36B /* 3759.swift in Sources */ = {isa = PBXBuildFile; fileRef = 87DBB86D1BE6D01900F3E36B /* 3759.swift */; };
		87DBB8EE1BE6D01900F3E36B /* 4030.swift in Sources */ = {isa = PBXBuildFile; fileRef = 87DBB86E1BE6D01900F3E36B /* 4030.swift */; };
		87DBB8EF1BE6D01900F3E36B /* 4146.swift in Sources */ = {isa = PBXBuildFile; fileRef = 87DBB86F1BE6D01900F3E36B /* 4146.swift */; };
		87DBB8F01BE6D01900F3E36B /* 4431.swift in Sources */ = {isa = PBXBuildFile; fileRef = 87DBB8701BE6D01900F3E36B /* 4431.swift */; };
		87DBB8F11BE6D01900F3E36B /* 4501.swift in Sources */ = {isa = PBXBuildFile; fileRef = 87DBB8711BE6D01900F3E36B /* 4501.swift */; };
		87DBB8F21BE6D01900F3E36B /* 453.swift in Sources */ = {isa = PBXBuildFile; fileRef = 87DBB8721BE6D01900F3E36B /* 453.swift */; };
		87DBB8F31BE6D01900F3E36B /* 4582.swift in Sources */ = {isa = PBXBuildFile; fileRef = 87DBB8731BE6D01900F3E36B /* 4582.swift */; };
		87DBB8F41BE6D01900F3E36B /* 4591.swift in Sources */ = {isa = PBXBuildFile; fileRef = 87DBB8741BE6D01900F3E36B /* 4591.swift */; };
		87DBB8F51BE6D01900F3E36B /* 46.swift in Sources */ = {isa = PBXBuildFile; fileRef = 87DBB8751BE6D01900F3E36B /* 46.swift */; };
		87DBB8F61BE6D01900F3E36B /* 469.swift in Sources */ = {isa = PBXBuildFile; fileRef = 87DBB8761BE6D01900F3E36B /* 469.swift */; };
		87DBB8F71BE6D01900F3E36B /* 522.swift in Sources */ = {isa = PBXBuildFile; fileRef = 87DBB8771BE6D01900F3E36B /* 522.swift */; };
		87DBB8F81BE6D01900F3E36B /* 545.swift in Sources */ = {isa = PBXBuildFile; fileRef = 87DBB8781BE6D01900F3E36B /* 545.swift */; };
		87DBB8F91BE6D01900F3E36B /* 546.swift in Sources */ = {isa = PBXBuildFile; fileRef = 87DBB8791BE6D01900F3E36B /* 546.swift */; };
		87DBB8FA1BE6D01900F3E36B /* 568.swift in Sources */ = {isa = PBXBuildFile; fileRef = 87DBB87A1BE6D01900F3E36B /* 568.swift */; };
		87DBB8FB1BE6D01900F3E36B /* 578.swift in Sources */ = {isa = PBXBuildFile; fileRef = 87DBB87B1BE6D01900F3E36B /* 578.swift */; };
		87DBB8FC1BE6D01900F3E36B /* 579.swift in Sources */ = {isa = PBXBuildFile; fileRef = 87DBB87C1BE6D01900F3E36B /* 579.swift */; };
		87DBB8FD1BE6D01900F3E36B /* 619.swift in Sources */ = {isa = PBXBuildFile; fileRef = 87DBB87D1BE6D01900F3E36B /* 619.swift */; };
		87DBB8FE1BE6D01900F3E36B /* 665.swift in Sources */ = {isa = PBXBuildFile; fileRef = 87DBB87E1BE6D01900F3E36B /* 665.swift */; };
		87DBB8FF1BE6D01900F3E36B /* 678.swift in Sources */ = {isa = PBXBuildFile; fileRef = 87DBB87F1BE6D01900F3E36B /* 678.swift */; };
		87DBB9001BE6D01900F3E36B /* 718.swift in Sources */ = {isa = PBXBuildFile; fileRef = 87DBB8801BE6D01900F3E36B /* 718.swift */; };
		87DBB9011BE6D01900F3E36B /* 730.swift in Sources */ = {isa = PBXBuildFile; fileRef = 87DBB8811BE6D01900F3E36B /* 730.swift */; };
		87DBB9021BE6D01900F3E36B /* 757.swift in Sources */ = {isa = PBXBuildFile; fileRef = 87DBB8821BE6D01900F3E36B /* 757.swift */; };
		87DBB9031BE6D01900F3E36B /* 763.js.swift in Sources */ = {isa = PBXBuildFile; fileRef = 87DBB8831BE6D01900F3E36B /* 763.js.swift */; };
		87DBB9041BE6D01900F3E36B /* 767.swift in Sources */ = {isa = PBXBuildFile; fileRef = 87DBB8841BE6D01900F3E36B /* 767.swift */; };
		87DBB9051BE6D01900F3E36B /* 779.swift in Sources */ = {isa = PBXBuildFile; fileRef = 87DBB8851BE6D01900F3E36B /* 779.swift */; };
		87DBB9061BE6D01900F3E36B /* 831.swift in Sources */ = {isa = PBXBuildFile; fileRef = 87DBB8861BE6D01900F3E36B /* 831.swift */; };
		87DBB9071BE6D01900F3E36B /* selection.swift in Sources */ = {isa = PBXBuildFile; fileRef = 87DBB8871BE6D01900F3E36B /* selection.swift */; };
		87DBB9081BE6D01900F3E36B /* api.swift in Sources */ = {isa = PBXBuildFile; fileRef = 87DBB8891BE6D01900F3E36B /* api.swift */; };
		87DBB9091BE6D01900F3E36B /* status.swift in Sources */ = {isa = PBXBuildFile; fileRef = 87DBB88A1BE6D01900F3E36B /* status.swift */; };
		87DBB90A1BE6D01900F3E36B /* truncation.swift in Sources */ = {isa = PBXBuildFile; fileRef = 87DBB88B1BE6D01900F3E36B /* truncation.swift */; };
		87DBB90B1BE6D01900F3E36B /* timeout.swift in Sources */ = {isa = PBXBuildFile; fileRef = 87DBB88C1BE6D01900F3E36B /* timeout.swift */; };
		87DBB90C1BE6D01900F3E36B /* api114.swift in Sources */ = {isa = PBXBuildFile; fileRef = 87DBB88E1BE6D01900F3E36B /* api114.swift */; };
		87DBB90D1BE6D01900F3E36B /* constructors114.swift in Sources */ = {isa = PBXBuildFile; fileRef = 87DBB88F1BE6D01900F3E36B /* constructors114.swift */; };
		87DBB90E1BE6D01900F3E36B /* index.swift in Sources */ = {isa = PBXBuildFile; fileRef = 87DBB8901BE6D01900F3E36B /* index.swift */; };
		87DBB90F1BE6D01900F3E36B /* portions.swift in Sources */ = {isa = PBXBuildFile; fileRef = 87DBB8911BE6D01900F3E36B /* portions.swift */; };
		87DBB9101BE6D01900F3E36B /* shim.swift in Sources */ = {isa = PBXBuildFile; fileRef = 87DBB8921BE6D01900F3E36B /* shim.swift */; };
		87DBB9111BE6D01900F3E36B /* time_arith.swift in Sources */ = {isa = PBXBuildFile; fileRef = 87DBB8931BE6D01900F3E36B /* time_arith.swift */; };
		87DBB9121BE6D01900F3E36B /* timezones.swift in Sources */ = {isa = PBXBuildFile; fileRef = 87DBB8941BE6D01900F3E36B /* timezones.swift */; };
		87DBB9131BE6D01900F3E36B /* array119.swift in Sources */ = {isa = PBXBuildFile; fileRef = 87DBB8961BE6D01900F3E36B /* array119.swift */; };
		87DBB9141BE6D01900F3E36B /* map.swift in Sources */ = {isa = PBXBuildFile; fileRef = 87DBB8971BE6D01900F3E36B /* map.swift */; };
		87DBB9151BE6D01900F3E36B /* object120.swift in Sources */ = {isa = PBXBuildFile; fileRef = 87DBB8981BE6D01900F3E36B /* object120.swift */; };
		87DBB9161BE6D01900F3E36B /* transformation.swift in Sources */ = {isa = PBXBuildFile; fileRef = 87DBB8991BE6D01900F3E36B /* transformation.swift */; };
		87E132C51BF598240062422B /* Result.mm in Sources */ = {isa = PBXBuildFile; fileRef = 87E132C41BF598240062422B /* Result.mm */; };
		87E132C71BF598420062422B /* Result.h in Headers */ = {isa = PBXBuildFile; fileRef = 87E132C61BF598420062422B /* Result.h */; };
/* End PBXBuildFile section */

/* Begin PBXContainerItemProxy section */
		8791C8511B13968C004798D7 /* PBXContainerItemProxy */ = {
			isa = PBXContainerItemProxy;
			containerPortal = 1E9D4B6F1A03011100201983 /* Project object */;
			proxyType = 1;
			remoteGlobalIDString = 8791C8441B13968C004798D7;
			remoteInfo = libReQL;
		};
/* End PBXContainerItemProxy section */

/* Begin PBXFileReference section */
		1ECA7D781B6EB6DB004DEA62 /* Cursor.swift */ = {isa = PBXFileReference; fileEncoding = 4; lastKnownFileType = sourcecode.swift; path = Cursor.swift; sourceTree = "<group>"; };
		8700091B1B1A8843007EA4BA /* Connection.swift */ = {isa = PBXFileReference; fileEncoding = 4; lastKnownFileType = sourcecode.swift; path = Connection.swift; sourceTree = "<group>"; };
		876169691C022D37004401A0 /* ReactiveCocoa.framework */ = {isa = PBXFileReference; lastKnownFileType = wrapper.framework; name = ReactiveCocoa.framework; path = Carthage/Build/Mac/ReactiveCocoa.framework; sourceTree = "<group>"; };
		8761696B1C022D59004401A0 /* Quick.framework */ = {isa = PBXFileReference; lastKnownFileType = wrapper.framework; name = Quick.framework; path = Carthage/Build/Mac/Quick.framework; sourceTree = "<group>"; };
		8787D3E11B2E35F50095C616 /* Cursor.swift */ = {isa = PBXFileReference; fileEncoding = 4; lastKnownFileType = sourcecode.swift; path = Cursor.swift; sourceTree = "<group>"; };
		8791C8451B13968C004798D7 /* libReQL.framework */ = {isa = PBXFileReference; explicitFileType = wrapper.framework; includeInIndex = 0; path = libReQL.framework; sourceTree = BUILT_PRODUCTS_DIR; };
		8791C8481B13968C004798D7 /* Info.plist */ = {isa = PBXFileReference; lastKnownFileType = text.plist.xml; path = Info.plist; sourceTree = "<group>"; };
		8791C8491B13968C004798D7 /* libReQL.h */ = {isa = PBXFileReference; lastKnownFileType = sourcecode.c.h; path = libReQL.h; sourceTree = "<group>"; };
		8791C84F1B13968C004798D7 /* libReQLTests.xctest */ = {isa = PBXFileReference; explicitFileType = wrapper.cfbundle; includeInIndex = 0; path = libReQLTests.xctest; sourceTree = BUILT_PRODUCTS_DIR; };
		8791C8551B13968C004798D7 /* Info.plist */ = {isa = PBXFileReference; lastKnownFileType = text.plist.xml; path = Info.plist; sourceTree = "<group>"; };
		87D5E89B1C2CEE0C00FF0509 /* array.hpp */ = {isa = PBXFileReference; fileEncoding = 4; lastKnownFileType = sourcecode.cpp.h; path = array.hpp; sourceTree = "<group>"; };
		87D5E89C1C2CEE0C00FF0509 /* connection.hpp */ = {isa = PBXFileReference; fileEncoding = 4; lastKnownFileType = sourcecode.cpp.h; path = connection.hpp; sourceTree = "<group>"; };
		87D5E89D1C2CEE0C00FF0509 /* decode.hpp */ = {isa = PBXFileReference; fileEncoding = 4; lastKnownFileType = sourcecode.cpp.h; path = decode.hpp; sourceTree = "<group>"; };
		87D5E89E1C2CEE0C00FF0509 /* error.hpp */ = {isa = PBXFileReference; fileEncoding = 4; lastKnownFileType = sourcecode.cpp.h; path = error.hpp; sourceTree = "<group>"; };
		87D5E89F1C2CEE0C00FF0509 /* handshake.hpp */ = {isa = PBXFileReference; fileEncoding = 4; lastKnownFileType = sourcecode.cpp.h; path = handshake.hpp; sourceTree = "<group>"; };
		87D5E8A01C2CEE0C00FF0509 /* null.hpp */ = {isa = PBXFileReference; fileEncoding = 4; lastKnownFileType = sourcecode.cpp.h; path = null.hpp; sourceTree = "<group>"; };
		87D5E8A11C2CEE0C00FF0509 /* object.hpp */ = {isa = PBXFileReference; fileEncoding = 4; lastKnownFileType = sourcecode.cpp.h; path = object.hpp; sourceTree = "<group>"; };
		87D5E8A21C2CEE0C00FF0509 /* protocol.hpp */ = {isa = PBXFileReference; fileEncoding = 4; lastKnownFileType = sourcecode.cpp.h; path = protocol.hpp; sourceTree = "<group>"; };
		87D5E8A31C2CEE0C00FF0509 /* query.hpp */ = {isa = PBXFileReference; fileEncoding = 4; lastKnownFileType = sourcecode.cpp.h; path = query.hpp; sourceTree = "<group>"; };
		87D5E8A41C2CEE0C00FF0509 /* socket.hpp */ = {isa = PBXFileReference; fileEncoding = 4; lastKnownFileType = sourcecode.cpp.h; path = socket.hpp; sourceTree = "<group>"; };
		87D5E8A51C2CEE0C00FF0509 /* string.hpp */ = {isa = PBXFileReference; fileEncoding = 4; lastKnownFileType = sourcecode.cpp.h; path = string.hpp; sourceTree = "<group>"; };
		87D5E8A61C2CEE0C00FF0509 /* term.hpp */ = {isa = PBXFileReference; fileEncoding = 4; lastKnownFileType = sourcecode.cpp.h; path = term.hpp; sourceTree = "<group>"; };
		87DAA6391B13CB69005626BF /* Connection.h */ = {isa = PBXFileReference; fileEncoding = 4; lastKnownFileType = sourcecode.c.h; path = Connection.h; sourceTree = "<group>"; };
		87DAA63A1B13CB69005626BF /* Connection.mm */ = {isa = PBXFileReference; fileEncoding = 4; lastKnownFileType = sourcecode.cpp.objcpp; path = Connection.mm; sourceTree = "<group>"; };
		87DAA6411B13CB96005626BF /* Cursor.h */ = {isa = PBXFileReference; fileEncoding = 4; lastKnownFileType = sourcecode.c.h; path = Cursor.h; sourceTree = "<group>"; };
		87DAA6421B13CB96005626BF /* Cursor.mm */ = {isa = PBXFileReference; fileEncoding = 4; lastKnownFileType = sourcecode.cpp.objcpp; path = Cursor.mm; sourceTree = "<group>"; };
		87DAA6451B13CBBE005626BF /* Query.h */ = {isa = PBXFileReference; fileEncoding = 4; lastKnownFileType = sourcecode.c.h; path = Query.h; sourceTree = "<group>"; };
		87DAA6461B13CBBE005626BF /* Query.mm */ = {isa = PBXFileReference; fileEncoding = 4; lastKnownFileType = sourcecode.cpp.objcpp; path = Query.mm; sourceTree = "<group>"; };
		87DBB8131BE6D01900F3E36B /* aggregation.swift */ = {isa = PBXFileReference; fileEncoding = 4; lastKnownFileType = sourcecode.swift; path = aggregation.swift; sourceTree = "<group>"; };
		87DBB8141BE6D01900F3E36B /* arity.swift */ = {isa = PBXFileReference; fileEncoding = 4; lastKnownFileType = sourcecode.swift; path = arity.swift; sourceTree = "<group>"; };
		87DBB8161BE6D01900F3E36B /* edge.swift */ = {isa = PBXFileReference; fileEncoding = 4; lastKnownFileType = sourcecode.swift; path = edge.swift; sourceTree = "<group>"; };
		87DBB8171BE6D01900F3E36B /* idxcopy.swift */ = {isa = PBXFileReference; fileEncoding = 4; lastKnownFileType = sourcecode.swift; path = idxcopy.swift; sourceTree = "<group>"; };
		87DBB8181BE6D01900F3E36B /* include_states.swift */ = {isa = PBXFileReference; fileEncoding = 4; lastKnownFileType = sourcecode.swift; path = include_states.swift; sourceTree = "<group>"; };
		87DBB8191BE6D01900F3E36B /* point.swift */ = {isa = PBXFileReference; fileEncoding = 4; lastKnownFileType = sourcecode.swift; path = point.swift; sourceTree = "<group>"; };
		87DBB81A1BE6D01900F3E36B /* sindex.swift */ = {isa = PBXFileReference; fileEncoding = 4; lastKnownFileType = sourcecode.swift; path = sindex.swift; sourceTree = "<group>"; };
		87DBB81B1BE6D01900F3E36B /* squash.swift */ = {isa = PBXFileReference; fileEncoding = 4; lastKnownFileType = sourcecode.swift; path = squash.swift; sourceTree = "<group>"; };
		87DBB81C1BE6D01900F3E36B /* table.swift */ = {isa = PBXFileReference; fileEncoding = 4; lastKnownFileType = sourcecode.swift; path = table.swift; sourceTree = "<group>"; };
		87DBB81D1BE6D01900F3E36B /* control.swift */ = {isa = PBXFileReference; fileEncoding = 4; lastKnownFileType = sourcecode.swift; path = control.swift; sourceTree = "<group>"; };
		87DBB81F1BE6D01900F3E36B /* array.swift */ = {isa = PBXFileReference; fileEncoding = 4; lastKnownFileType = sourcecode.swift; path = array.swift; sourceTree = "<group>"; };
		87DBB8201BE6D01900F3E36B /* binary.swift */ = {isa = PBXFileReference; fileEncoding = 4; lastKnownFileType = sourcecode.swift; path = binary.swift; sourceTree = "<group>"; };
		87DBB8211BE6D01900F3E36B /* bool.swift */ = {isa = PBXFileReference; fileEncoding = 4; lastKnownFileType = sourcecode.swift; path = bool.swift; sourceTree = "<group>"; };
		87DBB8221BE6D01900F3E36B /* null.swift */ = {isa = PBXFileReference; fileEncoding = 4; lastKnownFileType = sourcecode.swift; path = null.swift; sourceTree = "<group>"; };
		87DBB8231BE6D01900F3E36B /* number.swift */ = {isa = PBXFileReference; fileEncoding = 4; lastKnownFileType = sourcecode.swift; path = number.swift; sourceTree = "<group>"; };
		87DBB8241BE6D01900F3E36B /* object.swift */ = {isa = PBXFileReference; fileEncoding = 4; lastKnownFileType = sourcecode.swift; path = object.swift; sourceTree = "<group>"; };
		87DBB8251BE6D01900F3E36B /* string.swift */ = {isa = PBXFileReference; fileEncoding = 4; lastKnownFileType = sourcecode.swift; path = string.swift; sourceTree = "<group>"; };
		87DBB8261BE6D01900F3E36B /* typeof.swift */ = {isa = PBXFileReference; fileEncoding = 4; lastKnownFileType = sourcecode.swift; path = typeof.swift; sourceTree = "<group>"; };
		87DBB8271BE6D01900F3E36B /* uuid.swift */ = {isa = PBXFileReference; fileEncoding = 4; lastKnownFileType = sourcecode.swift; path = uuid.swift; sourceTree = "<group>"; };
		87DBB8281BE6D01900F3E36B /* default.swift */ = {isa = PBXFileReference; fileEncoding = 4; lastKnownFileType = sourcecode.swift; path = default.swift; sourceTree = "<group>"; };
		87DBB82A1BE6D01900F3E36B /* constructors.swift */ = {isa = PBXFileReference; fileEncoding = 4; lastKnownFileType = sourcecode.swift; path = constructors.swift; sourceTree = "<group>"; };
		87DBB82B1BE6D01900F3E36B /* geojson.swift */ = {isa = PBXFileReference; fileEncoding = 4; lastKnownFileType = sourcecode.swift; path = geojson.swift; sourceTree = "<group>"; };
		87DBB82C1BE6D01900F3E36B /* indexing.swift */ = {isa = PBXFileReference; fileEncoding = 4; lastKnownFileType = sourcecode.swift; path = indexing.swift; sourceTree = "<group>"; };
		87DBB82D1BE6D01900F3E36B /* intersection_inclusion.swift */ = {isa = PBXFileReference; fileEncoding = 4; lastKnownFileType = sourcecode.swift; path = intersection_inclusion.swift; sourceTree = "<group>"; };
		87DBB82E1BE6D01900F3E36B /* operations.swift */ = {isa = PBXFileReference; fileEncoding = 4; lastKnownFileType = sourcecode.swift; path = operations.swift; sourceTree = "<group>"; };
		87DBB82F1BE6D01900F3E36B /* primitives.swift */ = {isa = PBXFileReference; fileEncoding = 4; lastKnownFileType = sourcecode.swift; path = primitives.swift; sourceTree = "<group>"; };
		87DBB8301BE6D01900F3E36B /* joins.swift */ = {isa = PBXFileReference; fileEncoding = 4; lastKnownFileType = sourcecode.swift; path = joins.swift; sourceTree = "<group>"; };
		87DBB8311BE6D01900F3E36B /* json.swift */ = {isa = PBXFileReference; fileEncoding = 4; lastKnownFileType = sourcecode.swift; path = json.swift; sourceTree = "<group>"; };
		87DBB8321BE6D01900F3E36B /* limits.swift */ = {isa = PBXFileReference; fileEncoding = 4; lastKnownFileType = sourcecode.swift; path = limits.swift; sourceTree = "<group>"; };
		87DBB8331BE6D01900F3E36B /* match.swift */ = {isa = PBXFileReference; fileEncoding = 4; lastKnownFileType = sourcecode.swift; path = match.swift; sourceTree = "<group>"; };
		87DBB8351BE6D01900F3E36B /* add.swift */ = {isa = PBXFileReference; fileEncoding = 4; lastKnownFileType = sourcecode.swift; path = add.swift; sourceTree = "<group>"; };
		87DBB8361BE6D01900F3E36B /* aliases.swift */ = {isa = PBXFileReference; fileEncoding = 4; lastKnownFileType = sourcecode.swift; path = aliases.swift; sourceTree = "<group>"; };
		87DBB8371BE6D01900F3E36B /* comparison.swift */ = {isa = PBXFileReference; fileEncoding = 4; lastKnownFileType = sourcecode.swift; path = comparison.swift; sourceTree = "<group>"; };
		87DBB8381BE6D01900F3E36B /* div.swift */ = {isa = PBXFileReference; fileEncoding = 4; lastKnownFileType = sourcecode.swift; path = div.swift; sourceTree = "<group>"; };
		87DBB8391BE6D01900F3E36B /* floor_ceil_round.swift */ = {isa = PBXFileReference; fileEncoding = 4; lastKnownFileType = sourcecode.swift; path = floor_ceil_round.swift; sourceTree = "<group>"; };
		87DBB83A1BE6D01900F3E36B /* logic.swift */ = {isa = PBXFileReference; fileEncoding = 4; lastKnownFileType = sourcecode.swift; path = logic.swift; sourceTree = "<group>"; };
		87DBB83B1BE6D01900F3E36B /* math.swift */ = {isa = PBXFileReference; fileEncoding = 4; lastKnownFileType = sourcecode.swift; path = math.swift; sourceTree = "<group>"; };
		87DBB83C1BE6D01900F3E36B /* mod.swift */ = {isa = PBXFileReference; fileEncoding = 4; lastKnownFileType = sourcecode.swift; path = mod.swift; sourceTree = "<group>"; };
		87DBB83D1BE6D01900F3E36B /* mul.swift */ = {isa = PBXFileReference; fileEncoding = 4; lastKnownFileType = sourcecode.swift; path = mul.swift; sourceTree = "<group>"; };
		87DBB83E1BE6D01900F3E36B /* sub.swift */ = {isa = PBXFileReference; fileEncoding = 4; lastKnownFileType = sourcecode.swift; path = sub.swift; sourceTree = "<group>"; };
		87DBB8401BE6D01900F3E36B /* composite.swift */ = {isa = PBXFileReference; fileEncoding = 4; lastKnownFileType = sourcecode.swift; path = composite.swift; sourceTree = "<group>"; };
		87DBB8411BE6D01900F3E36B /* dbs.swift */ = {isa = PBXFileReference; fileEncoding = 4; lastKnownFileType = sourcecode.swift; path = dbs.swift; sourceTree = "<group>"; };
		87DBB8421BE6D01900F3E36B /* table48.swift */ = {isa = PBXFileReference; fileEncoding = 4; lastKnownFileType = sourcecode.swift; path = table48.swift; sourceTree = "<group>"; };
		87DBB8441BE6D01900F3E36B /* atomic_get_set.swift */ = {isa = PBXFileReference; fileEncoding = 4; lastKnownFileType = sourcecode.swift; path = atomic_get_set.swift; sourceTree = "<group>"; };
		87DBB8451BE6D01900F3E36B /* delete.swift */ = {isa = PBXFileReference; fileEncoding = 4; lastKnownFileType = sourcecode.swift; path = delete.swift; sourceTree = "<group>"; };
		87DBB8461BE6D01900F3E36B /* insert.swift */ = {isa = PBXFileReference; fileEncoding = 4; lastKnownFileType = sourcecode.swift; path = insert.swift; sourceTree = "<group>"; };
		87DBB8471BE6D01900F3E36B /* replace.swift */ = {isa = PBXFileReference; fileEncoding = 4; lastKnownFileType = sourcecode.swift; path = replace.swift; sourceTree = "<group>"; };
		87DBB8481BE6D01900F3E36B /* sync.swift */ = {isa = PBXFileReference; fileEncoding = 4; lastKnownFileType = sourcecode.swift; path = sync.swift; sourceTree = "<group>"; };
		87DBB8491BE6D01900F3E36B /* update.swift */ = {isa = PBXFileReference; fileEncoding = 4; lastKnownFileType = sourcecode.swift; path = update.swift; sourceTree = "<group>"; };
		87DBB84A1BE6D01900F3E36B /* polymorphism.swift */ = {isa = PBXFileReference; fileEncoding = 4; lastKnownFileType = sourcecode.swift; path = polymorphism.swift; sourceTree = "<group>"; };
		87DBB84B1BE6D01900F3E36B /* random.swift */ = {isa = PBXFileReference; fileEncoding = 4; lastKnownFileType = sourcecode.swift; path = random.swift; sourceTree = "<group>"; };
		87DBB84C1BE6D01900F3E36B /* range.swift */ = {isa = PBXFileReference; fileEncoding = 4; lastKnownFileType = sourcecode.swift; path = range.swift; sourceTree = "<group>"; };
		87DBB84E1BE6D01900F3E36B /* 1001.swift */ = {isa = PBXFileReference; fileEncoding = 4; lastKnownFileType = sourcecode.swift; path = 1001.swift; sourceTree = "<group>"; };
		87DBB84F1BE6D01900F3E36B /* 1005.swift */ = {isa = PBXFileReference; fileEncoding = 4; lastKnownFileType = sourcecode.swift; path = 1005.swift; sourceTree = "<group>"; };
		87DBB8501BE6D01900F3E36B /* 1023.swift */ = {isa = PBXFileReference; fileEncoding = 4; lastKnownFileType = sourcecode.swift; path = 1023.swift; sourceTree = "<group>"; };
		87DBB8511BE6D01900F3E36B /* 1081.swift */ = {isa = PBXFileReference; fileEncoding = 4; lastKnownFileType = sourcecode.swift; path = 1081.swift; sourceTree = "<group>"; };
		87DBB8521BE6D01900F3E36B /* 1132.swift */ = {isa = PBXFileReference; fileEncoding = 4; lastKnownFileType = sourcecode.swift; path = 1132.swift; sourceTree = "<group>"; };
		87DBB8531BE6D01900F3E36B /* 1133.swift */ = {isa = PBXFileReference; fileEncoding = 4; lastKnownFileType = sourcecode.swift; path = 1133.swift; sourceTree = "<group>"; };
		87DBB8541BE6D01900F3E36B /* 1155.swift */ = {isa = PBXFileReference; fileEncoding = 4; lastKnownFileType = sourcecode.swift; path = 1155.swift; sourceTree = "<group>"; };
		87DBB8551BE6D01900F3E36B /* 1179.swift */ = {isa = PBXFileReference; fileEncoding = 4; lastKnownFileType = sourcecode.swift; path = 1179.swift; sourceTree = "<group>"; };
		87DBB8561BE6D01900F3E36B /* 1468.swift */ = {isa = PBXFileReference; fileEncoding = 4; lastKnownFileType = sourcecode.swift; path = 1468.swift; sourceTree = "<group>"; };
		87DBB8571BE6D01900F3E36B /* 1789.swift */ = {isa = PBXFileReference; fileEncoding = 4; lastKnownFileType = sourcecode.swift; path = 1789.swift; sourceTree = "<group>"; };
		87DBB8581BE6D01900F3E36B /* 2052.swift */ = {isa = PBXFileReference; fileEncoding = 4; lastKnownFileType = sourcecode.swift; path = 2052.swift; sourceTree = "<group>"; };
		87DBB8591BE6D01900F3E36B /* 2399.swift */ = {isa = PBXFileReference; fileEncoding = 4; lastKnownFileType = sourcecode.swift; path = 2399.swift; sourceTree = "<group>"; };
		87DBB85A1BE6D01900F3E36B /* 2639.rb.swift */ = {isa = PBXFileReference; fileEncoding = 4; lastKnownFileType = sourcecode.swift; path = 2639.rb.swift; sourceTree = "<group>"; };
		87DBB85B1BE6D01900F3E36B /* 2696.swift */ = {isa = PBXFileReference; fileEncoding = 4; lastKnownFileType = sourcecode.swift; path = 2696.swift; sourceTree = "<group>"; };
		87DBB85C1BE6D01900F3E36B /* 2697.swift */ = {isa = PBXFileReference; fileEncoding = 4; lastKnownFileType = sourcecode.swift; path = 2697.swift; sourceTree = "<group>"; };
		87DBB85D1BE6D01900F3E36B /* 2709.swift */ = {isa = PBXFileReference; fileEncoding = 4; lastKnownFileType = sourcecode.swift; path = 2709.swift; sourceTree = "<group>"; };
		87DBB85E1BE6D01900F3E36B /* 2710.swift */ = {isa = PBXFileReference; fileEncoding = 4; lastKnownFileType = sourcecode.swift; path = 2710.swift; sourceTree = "<group>"; };
		87DBB85F1BE6D01900F3E36B /* 2766.swift */ = {isa = PBXFileReference; fileEncoding = 4; lastKnownFileType = sourcecode.swift; path = 2766.swift; sourceTree = "<group>"; };
		87DBB8601BE6D01900F3E36B /* 2767.swift */ = {isa = PBXFileReference; fileEncoding = 4; lastKnownFileType = sourcecode.swift; path = 2767.swift; sourceTree = "<group>"; };
		87DBB8611BE6D01900F3E36B /* 2774.swift */ = {isa = PBXFileReference; fileEncoding = 4; lastKnownFileType = sourcecode.swift; path = 2774.swift; sourceTree = "<group>"; };
		87DBB8621BE6D01900F3E36B /* 2838.swift */ = {isa = PBXFileReference; fileEncoding = 4; lastKnownFileType = sourcecode.swift; path = 2838.swift; sourceTree = "<group>"; };
		87DBB8631BE6D01900F3E36B /* 2930.swift */ = {isa = PBXFileReference; fileEncoding = 4; lastKnownFileType = sourcecode.swift; path = 2930.swift; sourceTree = "<group>"; };
		87DBB8641BE6D01900F3E36B /* 3057.swift */ = {isa = PBXFileReference; fileEncoding = 4; lastKnownFileType = sourcecode.swift; path = 3057.swift; sourceTree = "<group>"; };
		87DBB8651BE6D01900F3E36B /* 3059.swift */ = {isa = PBXFileReference; fileEncoding = 4; lastKnownFileType = sourcecode.swift; path = 3059.swift; sourceTree = "<group>"; };
		87DBB8661BE6D01900F3E36B /* 309.swift */ = {isa = PBXFileReference; fileEncoding = 4; lastKnownFileType = sourcecode.swift; path = 309.swift; sourceTree = "<group>"; };
		87DBB8671BE6D01900F3E36B /* 3444.swift */ = {isa = PBXFileReference; fileEncoding = 4; lastKnownFileType = sourcecode.swift; path = 3444.swift; sourceTree = "<group>"; };
		87DBB8681BE6D01900F3E36B /* 3449.swift */ = {isa = PBXFileReference; fileEncoding = 4; lastKnownFileType = sourcecode.swift; path = 3449.swift; sourceTree = "<group>"; };
		87DBB8691BE6D01900F3E36B /* 354.swift */ = {isa = PBXFileReference; fileEncoding = 4; lastKnownFileType = sourcecode.swift; path = 354.swift; sourceTree = "<group>"; };
		87DBB86A1BE6D01900F3E36B /* 3637.swift */ = {isa = PBXFileReference; fileEncoding = 4; lastKnownFileType = sourcecode.swift; path = 3637.swift; sourceTree = "<group>"; };
		87DBB86B1BE6D01900F3E36B /* 370.swift */ = {isa = PBXFileReference; fileEncoding = 4; lastKnownFileType = sourcecode.swift; path = 370.swift; sourceTree = "<group>"; };
		87DBB86C1BE6D01900F3E36B /* 3745.swift */ = {isa = PBXFileReference; fileEncoding = 4; lastKnownFileType = sourcecode.swift; path = 3745.swift; sourceTree = "<group>"; };
		87DBB86D1BE6D01900F3E36B /* 3759.swift */ = {isa = PBXFileReference; fileEncoding = 4; lastKnownFileType = sourcecode.swift; path = 3759.swift; sourceTree = "<group>"; };
		87DBB86E1BE6D01900F3E36B /* 4030.swift */ = {isa = PBXFileReference; fileEncoding = 4; lastKnownFileType = sourcecode.swift; path = 4030.swift; sourceTree = "<group>"; };
		87DBB86F1BE6D01900F3E36B /* 4146.swift */ = {isa = PBXFileReference; fileEncoding = 4; lastKnownFileType = sourcecode.swift; path = 4146.swift; sourceTree = "<group>"; };
		87DBB8701BE6D01900F3E36B /* 4431.swift */ = {isa = PBXFileReference; fileEncoding = 4; lastKnownFileType = sourcecode.swift; path = 4431.swift; sourceTree = "<group>"; };
		87DBB8711BE6D01900F3E36B /* 4501.swift */ = {isa = PBXFileReference; fileEncoding = 4; lastKnownFileType = sourcecode.swift; path = 4501.swift; sourceTree = "<group>"; };
		87DBB8721BE6D01900F3E36B /* 453.swift */ = {isa = PBXFileReference; fileEncoding = 4; lastKnownFileType = sourcecode.swift; path = 453.swift; sourceTree = "<group>"; };
		87DBB8731BE6D01900F3E36B /* 4582.swift */ = {isa = PBXFileReference; fileEncoding = 4; lastKnownFileType = sourcecode.swift; path = 4582.swift; sourceTree = "<group>"; };
		87DBB8741BE6D01900F3E36B /* 4591.swift */ = {isa = PBXFileReference; fileEncoding = 4; lastKnownFileType = sourcecode.swift; path = 4591.swift; sourceTree = "<group>"; };
		87DBB8751BE6D01900F3E36B /* 46.swift */ = {isa = PBXFileReference; fileEncoding = 4; lastKnownFileType = sourcecode.swift; path = 46.swift; sourceTree = "<group>"; };
		87DBB8761BE6D01900F3E36B /* 469.swift */ = {isa = PBXFileReference; fileEncoding = 4; lastKnownFileType = sourcecode.swift; path = 469.swift; sourceTree = "<group>"; };
		87DBB8771BE6D01900F3E36B /* 522.swift */ = {isa = PBXFileReference; fileEncoding = 4; lastKnownFileType = sourcecode.swift; path = 522.swift; sourceTree = "<group>"; };
		87DBB8781BE6D01900F3E36B /* 545.swift */ = {isa = PBXFileReference; fileEncoding = 4; lastKnownFileType = sourcecode.swift; path = 545.swift; sourceTree = "<group>"; };
		87DBB8791BE6D01900F3E36B /* 546.swift */ = {isa = PBXFileReference; fileEncoding = 4; lastKnownFileType = sourcecode.swift; path = 546.swift; sourceTree = "<group>"; };
		87DBB87A1BE6D01900F3E36B /* 568.swift */ = {isa = PBXFileReference; fileEncoding = 4; lastKnownFileType = sourcecode.swift; path = 568.swift; sourceTree = "<group>"; };
		87DBB87B1BE6D01900F3E36B /* 578.swift */ = {isa = PBXFileReference; fileEncoding = 4; lastKnownFileType = sourcecode.swift; path = 578.swift; sourceTree = "<group>"; };
		87DBB87C1BE6D01900F3E36B /* 579.swift */ = {isa = PBXFileReference; fileEncoding = 4; lastKnownFileType = sourcecode.swift; path = 579.swift; sourceTree = "<group>"; };
		87DBB87D1BE6D01900F3E36B /* 619.swift */ = {isa = PBXFileReference; fileEncoding = 4; lastKnownFileType = sourcecode.swift; path = 619.swift; sourceTree = "<group>"; };
		87DBB87E1BE6D01900F3E36B /* 665.swift */ = {isa = PBXFileReference; fileEncoding = 4; lastKnownFileType = sourcecode.swift; path = 665.swift; sourceTree = "<group>"; };
		87DBB87F1BE6D01900F3E36B /* 678.swift */ = {isa = PBXFileReference; fileEncoding = 4; lastKnownFileType = sourcecode.swift; path = 678.swift; sourceTree = "<group>"; };
		87DBB8801BE6D01900F3E36B /* 718.swift */ = {isa = PBXFileReference; fileEncoding = 4; lastKnownFileType = sourcecode.swift; path = 718.swift; sourceTree = "<group>"; };
		87DBB8811BE6D01900F3E36B /* 730.swift */ = {isa = PBXFileReference; fileEncoding = 4; lastKnownFileType = sourcecode.swift; path = 730.swift; sourceTree = "<group>"; };
		87DBB8821BE6D01900F3E36B /* 757.swift */ = {isa = PBXFileReference; fileEncoding = 4; lastKnownFileType = sourcecode.swift; path = 757.swift; sourceTree = "<group>"; };
		87DBB8831BE6D01900F3E36B /* 763.js.swift */ = {isa = PBXFileReference; fileEncoding = 4; lastKnownFileType = sourcecode.swift; path = 763.js.swift; sourceTree = "<group>"; };
		87DBB8841BE6D01900F3E36B /* 767.swift */ = {isa = PBXFileReference; fileEncoding = 4; lastKnownFileType = sourcecode.swift; path = 767.swift; sourceTree = "<group>"; };
		87DBB8851BE6D01900F3E36B /* 779.swift */ = {isa = PBXFileReference; fileEncoding = 4; lastKnownFileType = sourcecode.swift; path = 779.swift; sourceTree = "<group>"; };
		87DBB8861BE6D01900F3E36B /* 831.swift */ = {isa = PBXFileReference; fileEncoding = 4; lastKnownFileType = sourcecode.swift; path = 831.swift; sourceTree = "<group>"; };
		87DBB8871BE6D01900F3E36B /* selection.swift */ = {isa = PBXFileReference; fileEncoding = 4; lastKnownFileType = sourcecode.swift; path = selection.swift; sourceTree = "<group>"; };
		87DBB8891BE6D01900F3E36B /* api.swift */ = {isa = PBXFileReference; fileEncoding = 4; lastKnownFileType = sourcecode.swift; path = api.swift; sourceTree = "<group>"; };
		87DBB88A1BE6D01900F3E36B /* status.swift */ = {isa = PBXFileReference; fileEncoding = 4; lastKnownFileType = sourcecode.swift; path = status.swift; sourceTree = "<group>"; };
		87DBB88B1BE6D01900F3E36B /* truncation.swift */ = {isa = PBXFileReference; fileEncoding = 4; lastKnownFileType = sourcecode.swift; path = truncation.swift; sourceTree = "<group>"; };
		87DBB88C1BE6D01900F3E36B /* timeout.swift */ = {isa = PBXFileReference; fileEncoding = 4; lastKnownFileType = sourcecode.swift; path = timeout.swift; sourceTree = "<group>"; };
		87DBB88E1BE6D01900F3E36B /* api114.swift */ = {isa = PBXFileReference; fileEncoding = 4; lastKnownFileType = sourcecode.swift; path = api114.swift; sourceTree = "<group>"; };
		87DBB88F1BE6D01900F3E36B /* constructors114.swift */ = {isa = PBXFileReference; fileEncoding = 4; lastKnownFileType = sourcecode.swift; path = constructors114.swift; sourceTree = "<group>"; };
		87DBB8901BE6D01900F3E36B /* index.swift */ = {isa = PBXFileReference; fileEncoding = 4; lastKnownFileType = sourcecode.swift; path = index.swift; sourceTree = "<group>"; };
		87DBB8911BE6D01900F3E36B /* portions.swift */ = {isa = PBXFileReference; fileEncoding = 4; lastKnownFileType = sourcecode.swift; path = portions.swift; sourceTree = "<group>"; };
		87DBB8921BE6D01900F3E36B /* shim.swift */ = {isa = PBXFileReference; fileEncoding = 4; lastKnownFileType = sourcecode.swift; path = shim.swift; sourceTree = "<group>"; };
		87DBB8931BE6D01900F3E36B /* time_arith.swift */ = {isa = PBXFileReference; fileEncoding = 4; lastKnownFileType = sourcecode.swift; path = time_arith.swift; sourceTree = "<group>"; };
		87DBB8941BE6D01900F3E36B /* timezones.swift */ = {isa = PBXFileReference; fileEncoding = 4; lastKnownFileType = sourcecode.swift; path = timezones.swift; sourceTree = "<group>"; };
		87DBB8961BE6D01900F3E36B /* array119.swift */ = {isa = PBXFileReference; fileEncoding = 4; lastKnownFileType = sourcecode.swift; path = array119.swift; sourceTree = "<group>"; };
		87DBB8971BE6D01900F3E36B /* map.swift */ = {isa = PBXFileReference; fileEncoding = 4; lastKnownFileType = sourcecode.swift; path = map.swift; sourceTree = "<group>"; };
		87DBB8981BE6D01900F3E36B /* object120.swift */ = {isa = PBXFileReference; fileEncoding = 4; lastKnownFileType = sourcecode.swift; path = object120.swift; sourceTree = "<group>"; };
		87DBB8991BE6D01900F3E36B /* transformation.swift */ = {isa = PBXFileReference; fileEncoding = 4; lastKnownFileType = sourcecode.swift; path = transformation.swift; sourceTree = "<group>"; };
		87E132C41BF598240062422B /* Result.mm */ = {isa = PBXFileReference; fileEncoding = 4; lastKnownFileType = sourcecode.cpp.objcpp; path = Result.mm; sourceTree = "<group>"; };
		87E132C61BF598420062422B /* Result.h */ = {isa = PBXFileReference; fileEncoding = 4; lastKnownFileType = sourcecode.c.h; path = Result.h; sourceTree = "<group>"; };
/* End PBXFileReference section */

/* Begin PBXFrameworksBuildPhase section */
		8791C8411B13968C004798D7 /* Frameworks */ = {
			isa = PBXFrameworksBuildPhase;
			buildActionMask = 2147483647;
			files = (
				8761696A1C022D37004401A0 /* ReactiveCocoa.framework in Frameworks */,
			);
			runOnlyForDeploymentPostprocessing = 0;
		};
		8791C84C1B13968C004798D7 /* Frameworks */ = {
			isa = PBXFrameworksBuildPhase;
			buildActionMask = 2147483647;
			files = (
				8761696C1C022D59004401A0 /* Quick.framework in Frameworks */,
				8791C8501B13968C004798D7 /* libReQL.framework in Frameworks */,
			);
			runOnlyForDeploymentPostprocessing = 0;
		};
/* End PBXFrameworksBuildPhase section */

/* Begin PBXGroup section */
		1E9D4B6E1A03011100201983 = {
			isa = PBXGroup;
			children = (
				8761696B1C022D59004401A0 /* Quick.framework */,
				876169691C022D37004401A0 /* ReactiveCocoa.framework */,
				8791C8461B13968C004798D7 /* libReQL */,
				8791C8531B13968C004798D7 /* libReQLTests */,
				1E9D4B781A03011100201983 /* Products */,
				1ECDD7321AB53D80004CD31E /* src */,
			);
			sourceTree = "<group>";
		};
		1E9D4B781A03011100201983 /* Products */ = {
			isa = PBXGroup;
			children = (
				8791C8451B13968C004798D7 /* libReQL.framework */,
				8791C84F1B13968C004798D7 /* libReQLTests.xctest */,
			);
			name = Products;
			sourceTree = "<group>";
		};
		1ECDD7321AB53D80004CD31E /* src */ = {
			isa = PBXGroup;
			children = (
				87D5E89A1C2CEE0C00FF0509 /* core */,
			);
			path = src;
			sourceTree = "<group>";
		};
		8791C8461B13968C004798D7 /* libReQL */ = {
			isa = PBXGroup;
			children = (
				87DAA6391B13CB69005626BF /* Connection.h */,
				87DAA63A1B13CB69005626BF /* Connection.mm */,
				87DAA6411B13CB96005626BF /* Cursor.h */,
				87DAA6421B13CB96005626BF /* Cursor.mm */,
				1ECA7D781B6EB6DB004DEA62 /* Cursor.swift */,
				8791C8491B13968C004798D7 /* libReQL.h */,
				87DAA6451B13CBBE005626BF /* Query.h */,
				87DAA6461B13CBBE005626BF /* Query.mm */,
				87E132C61BF598420062422B /* Result.h */,
				87E132C41BF598240062422B /* Result.mm */,
				8791C8471B13968C004798D7 /* Supporting Files */,
			);
			path = libReQL;
			sourceTree = "<group>";
		};
		8791C8471B13968C004798D7 /* Supporting Files */ = {
			isa = PBXGroup;
			children = (
				8791C8481B13968C004798D7 /* Info.plist */,
			);
			name = "Supporting Files";
			sourceTree = "<group>";
		};
		8791C8531B13968C004798D7 /* libReQLTests */ = {
			isa = PBXGroup;
			children = (
				8791C8541B13968C004798D7 /* Supporting Files */,
				8700091B1B1A8843007EA4BA /* Connection.swift */,
				87CD58701B2CE04D00EA800F /* polyglot */,
				8787D3E11B2E35F50095C616 /* Cursor.swift */,
			);
			path = libReQLTests;
			sourceTree = "<group>";
		};
		8791C8541B13968C004798D7 /* Supporting Files */ = {
			isa = PBXGroup;
			children = (
				8791C8551B13968C004798D7 /* Info.plist */,
			);
			name = "Supporting Files";
			sourceTree = "<group>";
		};
		87CD58701B2CE04D00EA800F /* polyglot */ = {
			isa = PBXGroup;
			children = (
				87DBB8131BE6D01900F3E36B /* aggregation.swift */,
				87DBB8141BE6D01900F3E36B /* arity.swift */,
				87DBB8151BE6D01900F3E36B /* changefeeds */,
				87DBB81D1BE6D01900F3E36B /* control.swift */,
				87DBB81E1BE6D01900F3E36B /* datum */,
				87DBB8281BE6D01900F3E36B /* default.swift */,
				87DBB8291BE6D01900F3E36B /* geo */,
				87DBB8301BE6D01900F3E36B /* joins.swift */,
				87DBB8311BE6D01900F3E36B /* json.swift */,
				87DBB8321BE6D01900F3E36B /* limits.swift */,
				87DBB8331BE6D01900F3E36B /* match.swift */,
				87DBB8341BE6D01900F3E36B /* math_logic */,
				87DBB83F1BE6D01900F3E36B /* meta */,
				87DBB8431BE6D01900F3E36B /* mutation */,
				87DBB84A1BE6D01900F3E36B /* polymorphism.swift */,
				87DBB84B1BE6D01900F3E36B /* random.swift */,
				87DBB84C1BE6D01900F3E36B /* range.swift */,
				87DBB84D1BE6D01900F3E36B /* regression */,
				87DBB8871BE6D01900F3E36B /* selection.swift */,
				87DBB8881BE6D01900F3E36B /* sindex */,
				87DBB88C1BE6D01900F3E36B /* timeout.swift */,
				87DBB88D1BE6D01900F3E36B /* times */,
				87DBB8951BE6D01900F3E36B /* transform */,
				87DBB8991BE6D01900F3E36B /* transformation.swift */,
			);
			path = polyglot;
			sourceTree = "<group>";
		};
		87D5E89A1C2CEE0C00FF0509 /* core */ = {
			isa = PBXGroup;
			children = (
				87D5E89B1C2CEE0C00FF0509 /* array.hpp */,
				87D5E89C1C2CEE0C00FF0509 /* connection.hpp */,
				87D5E89D1C2CEE0C00FF0509 /* decode.hpp */,
				87D5E89E1C2CEE0C00FF0509 /* error.hpp */,
				87D5E89F1C2CEE0C00FF0509 /* handshake.hpp */,
				87D5E8A01C2CEE0C00FF0509 /* null.hpp */,
				87D5E8A11C2CEE0C00FF0509 /* object.hpp */,
				87D5E8A21C2CEE0C00FF0509 /* protocol.hpp */,
				87D5E8A31C2CEE0C00FF0509 /* query.hpp */,
				87D5E8A41C2CEE0C00FF0509 /* socket.hpp */,
				87D5E8A51C2CEE0C00FF0509 /* string.hpp */,
				87D5E8A61C2CEE0C00FF0509 /* term.hpp */,
			);
			path = core;
			sourceTree = "<group>";
		};
		87DBB8151BE6D01900F3E36B /* changefeeds */ = {
			isa = PBXGroup;
			children = (
				87DBB8161BE6D01900F3E36B /* edge.swift */,
				87DBB8171BE6D01900F3E36B /* idxcopy.swift */,
				87DBB8181BE6D01900F3E36B /* include_states.swift */,
				87DBB8191BE6D01900F3E36B /* point.swift */,
				87DBB81A1BE6D01900F3E36B /* sindex.swift */,
				87DBB81B1BE6D01900F3E36B /* squash.swift */,
				87DBB81C1BE6D01900F3E36B /* table.swift */,
			);
			path = changefeeds;
			sourceTree = "<group>";
		};
		87DBB81E1BE6D01900F3E36B /* datum */ = {
			isa = PBXGroup;
			children = (
				87DBB81F1BE6D01900F3E36B /* array.swift */,
				87DBB8201BE6D01900F3E36B /* binary.swift */,
				87DBB8211BE6D01900F3E36B /* bool.swift */,
				87DBB8221BE6D01900F3E36B /* null.swift */,
				87DBB8231BE6D01900F3E36B /* number.swift */,
				87DBB8241BE6D01900F3E36B /* object.swift */,
				87DBB8251BE6D01900F3E36B /* string.swift */,
				87DBB8261BE6D01900F3E36B /* typeof.swift */,
				87DBB8271BE6D01900F3E36B /* uuid.swift */,
			);
			path = datum;
			sourceTree = "<group>";
		};
		87DBB8291BE6D01900F3E36B /* geo */ = {
			isa = PBXGroup;
			children = (
				87DBB82A1BE6D01900F3E36B /* constructors.swift */,
				87DBB82B1BE6D01900F3E36B /* geojson.swift */,
				87DBB82C1BE6D01900F3E36B /* indexing.swift */,
				87DBB82D1BE6D01900F3E36B /* intersection_inclusion.swift */,
				87DBB82E1BE6D01900F3E36B /* operations.swift */,
				87DBB82F1BE6D01900F3E36B /* primitives.swift */,
			);
			path = geo;
			sourceTree = "<group>";
		};
		87DBB8341BE6D01900F3E36B /* math_logic */ = {
			isa = PBXGroup;
			children = (
				87DBB8351BE6D01900F3E36B /* add.swift */,
				87DBB8361BE6D01900F3E36B /* aliases.swift */,
				87DBB8371BE6D01900F3E36B /* comparison.swift */,
				87DBB8381BE6D01900F3E36B /* div.swift */,
				87DBB8391BE6D01900F3E36B /* floor_ceil_round.swift */,
				87DBB83A1BE6D01900F3E36B /* logic.swift */,
				87DBB83B1BE6D01900F3E36B /* math.swift */,
				87DBB83C1BE6D01900F3E36B /* mod.swift */,
				87DBB83D1BE6D01900F3E36B /* mul.swift */,
				87DBB83E1BE6D01900F3E36B /* sub.swift */,
			);
			path = math_logic;
			sourceTree = "<group>";
		};
		87DBB83F1BE6D01900F3E36B /* meta */ = {
			isa = PBXGroup;
			children = (
				87DBB8401BE6D01900F3E36B /* composite.swift */,
				87DBB8411BE6D01900F3E36B /* dbs.swift */,
				87DBB8421BE6D01900F3E36B /* table48.swift */,
			);
			path = meta;
			sourceTree = "<group>";
		};
		87DBB8431BE6D01900F3E36B /* mutation */ = {
			isa = PBXGroup;
			children = (
				87DBB8441BE6D01900F3E36B /* atomic_get_set.swift */,
				87DBB8451BE6D01900F3E36B /* delete.swift */,
				87DBB8461BE6D01900F3E36B /* insert.swift */,
				87DBB8471BE6D01900F3E36B /* replace.swift */,
				87DBB8481BE6D01900F3E36B /* sync.swift */,
				87DBB8491BE6D01900F3E36B /* update.swift */,
			);
			path = mutation;
			sourceTree = "<group>";
		};
		87DBB84D1BE6D01900F3E36B /* regression */ = {
			isa = PBXGroup;
			children = (
				87DBB84E1BE6D01900F3E36B /* 1001.swift */,
				87DBB84F1BE6D01900F3E36B /* 1005.swift */,
				87DBB8501BE6D01900F3E36B /* 1023.swift */,
				87DBB8511BE6D01900F3E36B /* 1081.swift */,
				87DBB8521BE6D01900F3E36B /* 1132.swift */,
				87DBB8531BE6D01900F3E36B /* 1133.swift */,
				87DBB8541BE6D01900F3E36B /* 1155.swift */,
				87DBB8551BE6D01900F3E36B /* 1179.swift */,
				87DBB8561BE6D01900F3E36B /* 1468.swift */,
				87DBB8571BE6D01900F3E36B /* 1789.swift */,
				87DBB8581BE6D01900F3E36B /* 2052.swift */,
				87DBB8591BE6D01900F3E36B /* 2399.swift */,
				87DBB85A1BE6D01900F3E36B /* 2639.rb.swift */,
				87DBB85B1BE6D01900F3E36B /* 2696.swift */,
				87DBB85C1BE6D01900F3E36B /* 2697.swift */,
				87DBB85D1BE6D01900F3E36B /* 2709.swift */,
				87DBB85E1BE6D01900F3E36B /* 2710.swift */,
				87DBB85F1BE6D01900F3E36B /* 2766.swift */,
				87DBB8601BE6D01900F3E36B /* 2767.swift */,
				87DBB8611BE6D01900F3E36B /* 2774.swift */,
				87DBB8621BE6D01900F3E36B /* 2838.swift */,
				87DBB8631BE6D01900F3E36B /* 2930.swift */,
				87DBB8641BE6D01900F3E36B /* 3057.swift */,
				87DBB8651BE6D01900F3E36B /* 3059.swift */,
				87DBB8661BE6D01900F3E36B /* 309.swift */,
				87DBB8671BE6D01900F3E36B /* 3444.swift */,
				87DBB8681BE6D01900F3E36B /* 3449.swift */,
				87DBB8691BE6D01900F3E36B /* 354.swift */,
				87DBB86A1BE6D01900F3E36B /* 3637.swift */,
				87DBB86B1BE6D01900F3E36B /* 370.swift */,
				87DBB86C1BE6D01900F3E36B /* 3745.swift */,
				87DBB86D1BE6D01900F3E36B /* 3759.swift */,
				87DBB86E1BE6D01900F3E36B /* 4030.swift */,
				87DBB86F1BE6D01900F3E36B /* 4146.swift */,
				87DBB8701BE6D01900F3E36B /* 4431.swift */,
				87DBB8711BE6D01900F3E36B /* 4501.swift */,
				87DBB8721BE6D01900F3E36B /* 453.swift */,
				87DBB8731BE6D01900F3E36B /* 4582.swift */,
				87DBB8741BE6D01900F3E36B /* 4591.swift */,
				87DBB8751BE6D01900F3E36B /* 46.swift */,
				87DBB8761BE6D01900F3E36B /* 469.swift */,
				87DBB8771BE6D01900F3E36B /* 522.swift */,
				87DBB8781BE6D01900F3E36B /* 545.swift */,
				87DBB8791BE6D01900F3E36B /* 546.swift */,
				87DBB87A1BE6D01900F3E36B /* 568.swift */,
				87DBB87B1BE6D01900F3E36B /* 578.swift */,
				87DBB87C1BE6D01900F3E36B /* 579.swift */,
				87DBB87D1BE6D01900F3E36B /* 619.swift */,
				87DBB87E1BE6D01900F3E36B /* 665.swift */,
				87DBB87F1BE6D01900F3E36B /* 678.swift */,
				87DBB8801BE6D01900F3E36B /* 718.swift */,
				87DBB8811BE6D01900F3E36B /* 730.swift */,
				87DBB8821BE6D01900F3E36B /* 757.swift */,
				87DBB8831BE6D01900F3E36B /* 763.js.swift */,
				87DBB8841BE6D01900F3E36B /* 767.swift */,
				87DBB8851BE6D01900F3E36B /* 779.swift */,
				87DBB8861BE6D01900F3E36B /* 831.swift */,
			);
			path = regression;
			sourceTree = "<group>";
		};
		87DBB8881BE6D01900F3E36B /* sindex */ = {
			isa = PBXGroup;
			children = (
				87DBB8891BE6D01900F3E36B /* api.swift */,
				87DBB88A1BE6D01900F3E36B /* status.swift */,
				87DBB88B1BE6D01900F3E36B /* truncation.swift */,
			);
			path = sindex;
			sourceTree = "<group>";
		};
		87DBB88D1BE6D01900F3E36B /* times */ = {
			isa = PBXGroup;
			children = (
				87DBB88E1BE6D01900F3E36B /* api114.swift */,
				87DBB88F1BE6D01900F3E36B /* constructors114.swift */,
				87DBB8901BE6D01900F3E36B /* index.swift */,
				87DBB8911BE6D01900F3E36B /* portions.swift */,
				87DBB8921BE6D01900F3E36B /* shim.swift */,
				87DBB8931BE6D01900F3E36B /* time_arith.swift */,
				87DBB8941BE6D01900F3E36B /* timezones.swift */,
			);
			path = times;
			sourceTree = "<group>";
		};
		87DBB8951BE6D01900F3E36B /* transform */ = {
			isa = PBXGroup;
			children = (
				87DBB8961BE6D01900F3E36B /* array119.swift */,
				87DBB8971BE6D01900F3E36B /* map.swift */,
				87DBB8981BE6D01900F3E36B /* object120.swift */,
			);
			path = transform;
			sourceTree = "<group>";
		};
/* End PBXGroup section */

/* Begin PBXHeadersBuildPhase section */
		8791C8421B13968C004798D7 /* Headers */ = {
			isa = PBXHeadersBuildPhase;
			buildActionMask = 2147483647;
			files = (
				87D5E8A81C2CEE0C00FF0509 /* connection.hpp in Headers */,
				87DAA6431B13CB96005626BF /* Cursor.h in Headers */,
				87D5E8AC1C2CEE0C00FF0509 /* null.hpp in Headers */,
				87DAA63B1B13CB69005626BF /* Connection.h in Headers */,
				87E132C71BF598420062422B /* Result.h in Headers */,
				87D5E8AB1C2CEE0C00FF0509 /* handshake.hpp in Headers */,
				87D5E8A91C2CEE0C00FF0509 /* decode.hpp in Headers */,
				87D5E8B11C2CEE0C00FF0509 /* string.hpp in Headers */,
				87D5E8AE1C2CEE0C00FF0509 /* protocol.hpp in Headers */,
				87D5E8AA1C2CEE0C00FF0509 /* error.hpp in Headers */,
				87D5E8AF1C2CEE0C00FF0509 /* query.hpp in Headers */,
				87DAA6471B13CBBE005626BF /* Query.h in Headers */,
				87D5E8B21C2CEE0C00FF0509 /* term.hpp in Headers */,
				87D5E8B01C2CEE0C00FF0509 /* socket.hpp in Headers */,
				87D5E8A71C2CEE0C00FF0509 /* array.hpp in Headers */,
				8791C84A1B13968C004798D7 /* libReQL.h in Headers */,
				87D5E8AD1C2CEE0C00FF0509 /* object.hpp in Headers */,
			);
			runOnlyForDeploymentPostprocessing = 0;
		};
/* End PBXHeadersBuildPhase section */

/* Begin PBXNativeTarget section */
		8791C8441B13968C004798D7 /* libReQL */ = {
			isa = PBXNativeTarget;
			buildConfigurationList = 8791C8581B13968C004798D7 /* Build configuration list for PBXNativeTarget "libReQL" */;
			buildPhases = (
				8791C8401B13968C004798D7 /* Sources */,
				8791C8411B13968C004798D7 /* Frameworks */,
				8791C8421B13968C004798D7 /* Headers */,
				8791C8431B13968C004798D7 /* Resources */,
			);
			buildRules = (
			);
			dependencies = (
			);
			name = libReQL;
			productName = libReQL;
			productReference = 8791C8451B13968C004798D7 /* libReQL.framework */;
			productType = "com.apple.product-type.framework";
		};
		8791C84E1B13968C004798D7 /* libReQLTests */ = {
			isa = PBXNativeTarget;
			buildConfigurationList = 8791C85B1B13968C004798D7 /* Build configuration list for PBXNativeTarget "libReQLTests" */;
			buildPhases = (
				8791C84B1B13968C004798D7 /* Sources */,
				8791C84C1B13968C004798D7 /* Frameworks */,
				8791C84D1B13968C004798D7 /* Resources */,
			);
			buildRules = (
			);
			dependencies = (
				8791C8521B13968C004798D7 /* PBXTargetDependency */,
			);
			name = libReQLTests;
			productName = libReQLTests;
			productReference = 8791C84F1B13968C004798D7 /* libReQLTests.xctest */;
			productType = "com.apple.product-type.bundle.unit-test";
		};
/* End PBXNativeTarget section */

/* Begin PBXProject section */
		1E9D4B6F1A03011100201983 /* Project object */ = {
			isa = PBXProject;
			attributes = {
				LastSwiftMigration = 0700;
				LastSwiftUpdateCheck = 0700;
				LastUpgradeCheck = 0700;
				ORGANIZATIONNAME = "Adam Grandquist";
				TargetAttributes = {
					8791C8441B13968C004798D7 = {
						CreatedOnToolsVersion = 6.3.2;
					};
					8791C84E1B13968C004798D7 = {
						CreatedOnToolsVersion = 6.3.2;
					};
				};
			};
			buildConfigurationList = 1E9D4B721A03011100201983 /* Build configuration list for PBXProject "libReQL" */;
			compatibilityVersion = "Xcode 3.2";
			developmentRegion = English;
			hasScannedForEncodings = 0;
			knownRegions = (
				en,
			);
			mainGroup = 1E9D4B6E1A03011100201983;
			productRefGroup = 1E9D4B781A03011100201983 /* Products */;
			projectDirPath = "";
			projectRoot = "";
			targets = (
				8791C8441B13968C004798D7 /* libReQL */,
				8791C84E1B13968C004798D7 /* libReQLTests */,
			);
		};
/* End PBXProject section */

/* Begin PBXResourcesBuildPhase section */
		8791C8431B13968C004798D7 /* Resources */ = {
			isa = PBXResourcesBuildPhase;
			buildActionMask = 2147483647;
			files = (
			);
			runOnlyForDeploymentPostprocessing = 0;
		};
		8791C84D1B13968C004798D7 /* Resources */ = {
			isa = PBXResourcesBuildPhase;
			buildActionMask = 2147483647;
			files = (
			);
			runOnlyForDeploymentPostprocessing = 0;
		};
/* End PBXResourcesBuildPhase section */

/* Begin PBXSourcesBuildPhase section */
		8791C8401B13968C004798D7 /* Sources */ = {
			isa = PBXSourcesBuildPhase;
			buildActionMask = 2147483647;
			files = (
				87DAA6481B13CBBE005626BF /* Query.mm in Sources */,
				1ECA7D791B6EB6DB004DEA62 /* Cursor.swift in Sources */,
				87DAA63C1B13CB69005626BF /* Connection.mm in Sources */,
				87E132C51BF598240062422B /* Result.mm in Sources */,
				87DAA6441B13CB96005626BF /* Cursor.mm in Sources */,
			);
			runOnlyForDeploymentPostprocessing = 0;
		};
		8791C84B1B13968C004798D7 /* Sources */ = {
			isa = PBXSourcesBuildPhase;
			buildActionMask = 2147483647;
			files = (
				87DBB8E91BE6D01900F3E36B /* 354.swift in Sources */,
				87DBB8A71BE6D01900F3E36B /* null.swift in Sources */,
				87DBB8A51BE6D01900F3E36B /* binary.swift in Sources */,
				87DBB8AB1BE6D01900F3E36B /* typeof.swift in Sources */,
				87DBB8A11BE6D01900F3E36B /* squash.swift in Sources */,
				87DBB8F41BE6D01900F3E36B /* 4591.swift in Sources */,
				87DBB8B21BE6D01900F3E36B /* operations.swift in Sources */,
				87DBB90D1BE6D01900F3E36B /* constructors114.swift in Sources */,
				87DBB8D61BE6D01900F3E36B /* 1468.swift in Sources */,
				87DBB8FD1BE6D01900F3E36B /* 619.swift in Sources */,
				87DBB8D41BE6D01900F3E36B /* 1155.swift in Sources */,
				87DBB8A31BE6D01900F3E36B /* control.swift in Sources */,
				87DBB8C81BE6D01900F3E36B /* replace.swift in Sources */,
				87DBB8E11BE6D01900F3E36B /* 2774.swift in Sources */,
				87DBB8BC1BE6D01900F3E36B /* floor_ceil_round.swift in Sources */,
				87DBB90F1BE6D01900F3E36B /* portions.swift in Sources */,
				87DBB8EC1BE6D01900F3E36B /* 3745.swift in Sources */,
				87DBB8E31BE6D01900F3E36B /* 2930.swift in Sources */,
				87DBB8DF1BE6D01900F3E36B /* 2766.swift in Sources */,
				87DBB9091BE6D01900F3E36B /* status.swift in Sources */,
				87DBB8F11BE6D01900F3E36B /* 4501.swift in Sources */,
				87DBB8AF1BE6D01900F3E36B /* geojson.swift in Sources */,
				87DBB8CA1BE6D01900F3E36B /* update.swift in Sources */,
				87DBB90A1BE6D01900F3E36B /* truncation.swift in Sources */,
				87DBB8E81BE6D01900F3E36B /* 3449.swift in Sources */,
				87DBB8C01BE6D01900F3E36B /* mul.swift in Sources */,
				87DBB8CF1BE6D01900F3E36B /* 1005.swift in Sources */,
				87DBB9131BE6D01900F3E36B /* array119.swift in Sources */,
				87DBB8E01BE6D01900F3E36B /* 2767.swift in Sources */,
				87DBB9021BE6D01900F3E36B /* 757.swift in Sources */,
				87DBB8BB1BE6D01900F3E36B /* div.swift in Sources */,
				87DBB8AD1BE6D01900F3E36B /* default.swift in Sources */,
				87DBB89F1BE6D01900F3E36B /* point.swift in Sources */,
				87DBB89D1BE6D01900F3E36B /* idxcopy.swift in Sources */,
				87DBB8FC1BE6D01900F3E36B /* 579.swift in Sources */,
				87DBB8BF1BE6D01900F3E36B /* mod.swift in Sources */,
				87DBB8FB1BE6D01900F3E36B /* 578.swift in Sources */,
				87DBB8C61BE6D01900F3E36B /* delete.swift in Sources */,
				87DBB8A81BE6D01900F3E36B /* number.swift in Sources */,
				87DBB8B01BE6D01900F3E36B /* indexing.swift in Sources */,
				87DBB8F51BE6D01900F3E36B /* 46.swift in Sources */,
				87DBB8C11BE6D01900F3E36B /* sub.swift in Sources */,
				87DBB8D31BE6D01900F3E36B /* 1133.swift in Sources */,
				87DBB8DB1BE6D01900F3E36B /* 2696.swift in Sources */,
				87DBB8FE1BE6D01900F3E36B /* 665.swift in Sources */,
				87DBB8C31BE6D01900F3E36B /* dbs.swift in Sources */,
				87DBB8B91BE6D01900F3E36B /* aliases.swift in Sources */,
				87DBB9001BE6D01900F3E36B /* 718.swift in Sources */,
				87DBB8AE1BE6D01900F3E36B /* constructors.swift in Sources */,
				87DBB9081BE6D01900F3E36B /* api.swift in Sources */,
				87DBB9111BE6D01900F3E36B /* time_arith.swift in Sources */,
				87DBB8AC1BE6D01900F3E36B /* uuid.swift in Sources */,
				87DBB8D91BE6D01900F3E36B /* 2399.swift in Sources */,
				87DBB8D11BE6D01900F3E36B /* 1081.swift in Sources */,
				87DBB8CC1BE6D01900F3E36B /* random.swift in Sources */,
				87DBB8E71BE6D01900F3E36B /* 3444.swift in Sources */,
				87DBB8FA1BE6D01900F3E36B /* 568.swift in Sources */,
				87DBB9161BE6D01900F3E36B /* transformation.swift in Sources */,
				87DBB8A61BE6D01900F3E36B /* bool.swift in Sources */,
				87DBB9141BE6D01900F3E36B /* map.swift in Sources */,
				87DBB8C51BE6D01900F3E36B /* atomic_get_set.swift in Sources */,
				87DBB8D01BE6D01900F3E36B /* 1023.swift in Sources */,
				87DBB8BA1BE6D01900F3E36B /* comparison.swift in Sources */,
				87DBB9031BE6D01900F3E36B /* 763.js.swift in Sources */,
				87DBB8EF1BE6D01900F3E36B /* 4146.swift in Sources */,
				87DBB8DC1BE6D01900F3E36B /* 2697.swift in Sources */,
				87DBB8A91BE6D01900F3E36B /* object.swift in Sources */,
				87DBB9101BE6D01900F3E36B /* shim.swift in Sources */,
				87DBB8F01BE6D01900F3E36B /* 4431.swift in Sources */,
				8787D3E21B2E35F50095C616 /* Cursor.swift in Sources */,
				87DBB8F21BE6D01900F3E36B /* 453.swift in Sources */,
				87DBB8B51BE6D01900F3E36B /* json.swift in Sources */,
				87DBB8F31BE6D01900F3E36B /* 4582.swift in Sources */,
				87DBB8C71BE6D01900F3E36B /* insert.swift in Sources */,
				87DBB9071BE6D01900F3E36B /* selection.swift in Sources */,
				8700091C1B1A8843007EA4BA /* Connection.swift in Sources */,
				87DBB8B71BE6D01900F3E36B /* match.swift in Sources */,
				87DBB8E41BE6D01900F3E36B /* 3057.swift in Sources */,
				87DBB8E51BE6D01900F3E36B /* 3059.swift in Sources */,
				87DBB8C91BE6D01900F3E36B /* sync.swift in Sources */,
				87DBB8F71BE6D01900F3E36B /* 522.swift in Sources */,
				87DBB89E1BE6D01900F3E36B /* include_states.swift in Sources */,
				87DBB9051BE6D01900F3E36B /* 779.swift in Sources */,
				87DBB9061BE6D01900F3E36B /* 831.swift in Sources */,
				87DBB8D81BE6D01900F3E36B /* 2052.swift in Sources */,
				87DBB9011BE6D01900F3E36B /* 730.swift in Sources */,
				87DBB8B31BE6D01900F3E36B /* primitives.swift in Sources */,
				87DBB90E1BE6D01900F3E36B /* index.swift in Sources */,
				87DBB8DA1BE6D01900F3E36B /* 2639.rb.swift in Sources */,
				87DBB8EE1BE6D01900F3E36B /* 4030.swift in Sources */,
				87DBB8E21BE6D01900F3E36B /* 2838.swift in Sources */,
				87DBB8A01BE6D01900F3E36B /* sindex.swift in Sources */,
				87DBB8CE1BE6D01900F3E36B /* 1001.swift in Sources */,
				87DBB89A1BE6D01900F3E36B /* aggregation.swift in Sources */,
				87DBB8EA1BE6D01900F3E36B /* 3637.swift in Sources */,
				87DBB8DE1BE6D01900F3E36B /* 2710.swift in Sources */,
				87DBB8E61BE6D01900F3E36B /* 309.swift in Sources */,
				87DBB8ED1BE6D01900F3E36B /* 3759.swift in Sources */,
				87DBB8CD1BE6D01900F3E36B /* range.swift in Sources */,
				87DBB9121BE6D01900F3E36B /* timezones.swift in Sources */,
				87DBB90B1BE6D01900F3E36B /* timeout.swift in Sources */,
				87DBB8FF1BE6D01900F3E36B /* 678.swift in Sources */,
				87DBB8BD1BE6D01900F3E36B /* logic.swift in Sources */,
				87DBB89B1BE6D01900F3E36B /* arity.swift in Sources */,
				87DBB90C1BE6D01900F3E36B /* api114.swift in Sources */,
				87DBB9041BE6D01900F3E36B /* 767.swift in Sources */,
				87DBB8CB1BE6D01900F3E36B /* polymorphism.swift in Sources */,
				87DBB8D51BE6D01900F3E36B /* 1179.swift in Sources */,
				87DBB8A41BE6D01900F3E36B /* array.swift in Sources */,
				87DBB89C1BE6D01900F3E36B /* edge.swift in Sources */,
				87DBB8B11BE6D01900F3E36B /* intersection_inclusion.swift in Sources */,
				87DBB8C41BE6D01900F3E36B /* table48.swift in Sources */,
				87DBB8C21BE6D01900F3E36B /* composite.swift in Sources */,
				87DBB9151BE6D01900F3E36B /* object120.swift in Sources */,
				87DBB8EB1BE6D01900F3E36B /* 370.swift in Sources */,
				87DBB8D21BE6D01900F3E36B /* 1132.swift in Sources */,
				87DBB8B61BE6D01900F3E36B /* limits.swift in Sources */,
				87DBB8DD1BE6D01900F3E36B /* 2709.swift in Sources */,
				87DBB8AA1BE6D01900F3E36B /* string.swift in Sources */,
				87DBB8B41BE6D01900F3E36B /* joins.swift in Sources */,
				87DBB8A21BE6D01900F3E36B /* table.swift in Sources */,
				87DBB8F81BE6D01900F3E36B /* 545.swift in Sources */,
				87DBB8F91BE6D01900F3E36B /* 546.swift in Sources */,
				87DBB8F61BE6D01900F3E36B /* 469.swift in Sources */,
				87DBB8BE1BE6D01900F3E36B /* math.swift in Sources */,
				87DBB8D71BE6D01900F3E36B /* 1789.swift in Sources */,
				87DBB8B81BE6D01900F3E36B /* add.swift in Sources */,
			);
			runOnlyForDeploymentPostprocessing = 0;
		};
/* End PBXSourcesBuildPhase section */

/* Begin PBXTargetDependency section */
		8791C8521B13968C004798D7 /* PBXTargetDependency */ = {
			isa = PBXTargetDependency;
			target = 8791C8441B13968C004798D7 /* libReQL */;
			targetProxy = 8791C8511B13968C004798D7 /* PBXContainerItemProxy */;
		};
/* End PBXTargetDependency section */

/* Begin XCBuildConfiguration section */
		1E9D4B891A03011100201983 /* Debug */ = {
			isa = XCBuildConfiguration;
			buildSettings = {
				ALWAYS_SEARCH_USER_PATHS = NO;
				CLANG_CXX_LANGUAGE_STANDARD = "c++14";
				CLANG_ENABLE_MODULES = YES;
				CLANG_ENABLE_OBJC_ARC = YES;
				COMBINE_HIDPI_IMAGES = YES;
				COPY_PHASE_STRIP = NO;
				DEBUG_INFORMATION_FORMAT = dwarf;
				ENABLE_STRICT_OBJC_MSGSEND = YES;
				ENABLE_TESTABILITY = YES;
				GCC_C_LANGUAGE_STANDARD = c11;
				GCC_INSTRUMENT_PROGRAM_FLOW_ARCS = YES;
				GCC_NO_COMMON_BLOCKS = YES;
				GCC_OPTIMIZATION_LEVEL = 0;
				GCC_PREPROCESSOR_DEFINITIONS = (
					"DEBUG=1",
					"$(inherited)",
				);
				GCC_SYMBOLS_PRIVATE_EXTERN = NO;
				HEADER_SEARCH_PATHS = (
					"$(inherited)",
					/Applications/Xcode.app/Contents/Developer/Toolchains/XcodeDefault.xctoolchain/usr/include,
				);
				MACOSX_DEPLOYMENT_TARGET = 10.11;
				ONLY_ACTIVE_ARCH = YES;
				OTHER_CFLAGS = (
					"$(WARNING_CFLAGS)",
					"-Wno-padded",
				);
				OTHER_CPLUSPLUSFLAGS = (
					"$(OTHER_CFLAGS)",
					"-Wno-c++98-compat",
				);
				SKIP_INSTALL = YES;
				USER_HEADER_SEARCH_PATHS = src;
				WARNING_CFLAGS = "-Weverything";
			};
			name = Debug;
		};
		1E9D4B8A1A03011100201983 /* Release */ = {
			isa = XCBuildConfiguration;
			buildSettings = {
				ALWAYS_SEARCH_USER_PATHS = NO;
				CLANG_ANALYZER_SECURITY_FLOATLOOPCOUNTER = YES;
				CLANG_ANALYZER_SECURITY_INSECUREAPI_RAND = YES;
				CLANG_ANALYZER_SECURITY_INSECUREAPI_STRCPY = YES;
				CLANG_CXX_LANGUAGE_STANDARD = "c++14";
				CLANG_ENABLE_MODULES = YES;
				CLANG_ENABLE_OBJC_ARC = YES;
				CLANG_USE_OPTIMIZATION_PROFILE = YES;
				COMBINE_HIDPI_IMAGES = YES;
				COPY_PHASE_STRIP = NO;
				DEBUG_INFORMATION_FORMAT = "dwarf-with-dsym";
				ENABLE_NS_ASSERTIONS = NO;
				ENABLE_STRICT_OBJC_MSGSEND = YES;
				GCC_C_LANGUAGE_STANDARD = c11;
				GCC_NO_COMMON_BLOCKS = YES;
				GCC_SYMBOLS_PRIVATE_EXTERN = NO;
				GCC_TREAT_WARNINGS_AS_ERRORS = YES;
				GCC_UNROLL_LOOPS = YES;
				HEADER_SEARCH_PATHS = (
					"$(inherited)",
					/Applications/Xcode.app/Contents/Developer/Toolchains/XcodeDefault.xctoolchain/usr/include,
				);
				LLVM_LTO = YES;
				MACOSX_DEPLOYMENT_TARGET = 10.11;
				OTHER_CFLAGS = (
					"$(WARNING_CFLAGS)",
					"-Wno-padded",
				);
				OTHER_CPLUSPLUSFLAGS = (
					"$(OTHER_CFLAGS)",
					"-Wno-c++98-compat",
				);
				SKIP_INSTALL = YES;
				USER_HEADER_SEARCH_PATHS = src;
				WARNING_CFLAGS = "-Weverything";
			};
			name = Release;
		};
		8791C8591B13968C004798D7 /* Debug */ = {
			isa = XCBuildConfiguration;
			buildSettings = {
				CURRENT_PROJECT_VERSION = 1;
				DEFINES_MODULE = YES;
				DYLIB_COMPATIBILITY_VERSION = 1;
				DYLIB_CURRENT_VERSION = 1;
				DYLIB_INSTALL_NAME_BASE = "@rpath";
				EMBEDDED_CONTENT_CONTAINS_SWIFT = YES;
				FRAMEWORK_SEARCH_PATHS = (
					"$(inherited)",
					"$(PROJECT_DIR)/Carthage/Build/Mac",
				);
				FRAMEWORK_VERSION = A;
				INFOPLIST_FILE = libReQL/Info.plist;
				INSTALL_PATH = "$(LOCAL_LIBRARY_DIR)/Frameworks";
				LD_RUNPATH_SEARCH_PATHS = "$(inherited) @executable_path/../Frameworks @loader_path/Frameworks";
				MTL_ENABLE_DEBUG_INFO = YES;
				PRODUCT_BUNDLE_IDENTIFIER = "Adam-Grandquist.$(PRODUCT_NAME:rfc1034identifier)";
				PRODUCT_NAME = "$(TARGET_NAME)";
				SDKROOT = macosx;
				SWIFT_OPTIMIZATION_LEVEL = "-Onone";
			};
			name = Debug;
		};
		8791C85A1B13968C004798D7 /* Release */ = {
			isa = XCBuildConfiguration;
			buildSettings = {
				CURRENT_PROJECT_VERSION = 1;
				DEFINES_MODULE = YES;
				DYLIB_COMPATIBILITY_VERSION = 1;
				DYLIB_CURRENT_VERSION = 1;
				DYLIB_INSTALL_NAME_BASE = "@rpath";
				EMBEDDED_CONTENT_CONTAINS_SWIFT = YES;
				FRAMEWORK_SEARCH_PATHS = (
					"$(inherited)",
					"$(PROJECT_DIR)/Carthage/Build/Mac",
				);
				FRAMEWORK_VERSION = A;
				INFOPLIST_FILE = libReQL/Info.plist;
				INSTALL_PATH = "$(LOCAL_LIBRARY_DIR)/Frameworks";
				LD_RUNPATH_SEARCH_PATHS = "$(inherited) @executable_path/../Frameworks @loader_path/Frameworks";
				MTL_ENABLE_DEBUG_INFO = NO;
				PRODUCT_BUNDLE_IDENTIFIER = "Adam-Grandquist.$(PRODUCT_NAME:rfc1034identifier)";
				PRODUCT_NAME = "$(TARGET_NAME)";
				SDKROOT = macosx;
			};
			name = Release;
		};
		8791C85C1B13968C004798D7 /* Debug */ = {
			isa = XCBuildConfiguration;
			buildSettings = {
				FRAMEWORK_SEARCH_PATHS = (
					"$(DEVELOPER_FRAMEWORKS_DIR)",
					"$(inherited)",
					"$(PROJECT_DIR)/libReQLTests/Quick/build/Debug",
					"$(PROJECT_DIR)/Carthage/Build/Mac",
				);
				HEADER_SEARCH_PATHS = (
					"$(inherited)",
					../src,
				);
				INFOPLIST_FILE = libReQLTests/Info.plist;
				LD_RUNPATH_SEARCH_PATHS = "$(inherited) @executable_path/../Frameworks @loader_path/../Frameworks";
				MTL_ENABLE_DEBUG_INFO = YES;
				PRODUCT_BUNDLE_IDENTIFIER = "Adam-Grandquist.$(PRODUCT_NAME:rfc1034identifier)";
				PRODUCT_NAME = "$(TARGET_NAME)";
				SDKROOT = macosx;
			};
			name = Debug;
		};
		8791C85D1B13968C004798D7 /* Release */ = {
			isa = XCBuildConfiguration;
			buildSettings = {
				FRAMEWORK_SEARCH_PATHS = (
					"$(DEVELOPER_FRAMEWORKS_DIR)",
					"$(inherited)",
					"$(PROJECT_DIR)/libReQLTests/Quick/build/Debug",
					"$(PROJECT_DIR)/Carthage/Build/Mac",
				);
				HEADER_SEARCH_PATHS = (
					"$(inherited)",
					../src,
				);
				INFOPLIST_FILE = libReQLTests/Info.plist;
				LD_RUNPATH_SEARCH_PATHS = "$(inherited) @executable_path/../Frameworks @loader_path/../Frameworks";
				MTL_ENABLE_DEBUG_INFO = NO;
				PRODUCT_BUNDLE_IDENTIFIER = "Adam-Grandquist.$(PRODUCT_NAME:rfc1034identifier)";
				PRODUCT_NAME = "$(TARGET_NAME)";
				SDKROOT = macosx;
			};
			name = Release;
		};
/* End XCBuildConfiguration section */

/* Begin XCConfigurationList section */
		1E9D4B721A03011100201983 /* Build configuration list for PBXProject "libReQL" */ = {
			isa = XCConfigurationList;
			buildConfigurations = (
				1E9D4B891A03011100201983 /* Debug */,
				1E9D4B8A1A03011100201983 /* Release */,
			);
			defaultConfigurationIsVisible = 0;
			defaultConfigurationName = Release;
		};
		8791C8581B13968C004798D7 /* Build configuration list for PBXNativeTarget "libReQL" */ = {
			isa = XCConfigurationList;
			buildConfigurations = (
				8791C8591B13968C004798D7 /* Debug */,
				8791C85A1B13968C004798D7 /* Release */,
			);
			defaultConfigurationIsVisible = 0;
			defaultConfigurationName = Release;
		};
		8791C85B1B13968C004798D7 /* Build configuration list for PBXNativeTarget "libReQLTests" */ = {
			isa = XCConfigurationList;
			buildConfigurations = (
				8791C85C1B13968C004798D7 /* Debug */,
				8791C85D1B13968C004798D7 /* Release */,
			);
			defaultConfigurationIsVisible = 0;
			defaultConfigurationName = Release;
		};
/* End XCConfigurationList section */
	};
	rootObject = 1E9D4B6F1A03011100201983 /* Project object */;
}
