// !$*UTF8*$!
{
	archiveVersion = 1;
	classes = {
	};
	objectVersion = 46;
	objects = {

/* Begin PBXBuildFile section */
		1ECDD7821AB53D80004CD31E /* ast.c in Sources */ = {isa = PBXBuildFile; fileRef = 1ECDD7341AB53D80004CD31E /* ast.c */; };
		1ECDD7831AB53D80004CD31E /* char.c in Sources */ = {isa = PBXBuildFile; fileRef = 1ECDD7361AB53D80004CD31E /* char.c */; };
		1ECDD7841AB53D80004CD31E /* cursor.c in Sources */ = {isa = PBXBuildFile; fileRef = 1ECDD7381AB53D80004CD31E /* cursor.c */; };
		1ECDD7851AB53D80004CD31E /* decode.c in Sources */ = {isa = PBXBuildFile; fileRef = 1ECDD73A1AB53D80004CD31E /* decode.c */; };
		1ECDD7861AB53D80004CD31E /* encode.c in Sources */ = {isa = PBXBuildFile; fileRef = 1ECDD73C1AB53D80004CD31E /* encode.c */; };
		1ECDD7871AB53D80004CD31E /* error.c in Sources */ = {isa = PBXBuildFile; fileRef = 1ECDD73E1AB53D80004CD31E /* error.c */; };
		1ECDD7881AB53D80004CD31E /* expr.c in Sources */ = {isa = PBXBuildFile; fileRef = 1ECDD7401AB53D80004CD31E /* expr.c */; };
		1ECDD7891AB53D80004CD31E /* json.c in Sources */ = {isa = PBXBuildFile; fileRef = 1ECDD7421AB53D80004CD31E /* json.c */; };
		1ECDD78A1AB53D80004CD31E /* ast.cpp in Sources */ = {isa = PBXBuildFile; fileRef = 1ECDD7491AB53D80004CD31E /* ast.cpp */; };
		1ECDD78B1AB53D80004CD31E /* expr.cpp in Sources */ = {isa = PBXBuildFile; fileRef = 1ECDD74B1AB53D80004CD31E /* expr.cpp */; };
		1ECDD78C1AB53D80004CD31E /* new.cpp in Sources */ = {isa = PBXBuildFile; fileRef = 1ECDD74D1AB53D80004CD31E /* new.cpp */; };
		1ECDD79B1AB53D80004CD31E /* ReQL.c in Sources */ = {isa = PBXBuildFile; fileRef = 1ECDD76C1AB53D80004CD31E /* ReQL.c */; };
		1ECDD79C1AB53D80004CD31E /* ReQL.cpp in Sources */ = {isa = PBXBuildFile; fileRef = 1ECDD76D1AB53D80004CD31E /* ReQL.cpp */; };
		1ECDD7A01AB53D80004CD31E /* ast.cpp in Sources */ = {isa = PBXBuildFile; fileRef = 1ECDD7781AB53D80004CD31E /* ast.cpp */; };
		1ECDD7A11AB53D80004CD31E /* decode.cpp in Sources */ = {isa = PBXBuildFile; fileRef = 1ECDD7791AB53D80004CD31E /* decode.cpp */; };
		1ECDD7A21AB53D80004CD31E /* encode.cpp in Sources */ = {isa = PBXBuildFile; fileRef = 1ECDD77A1AB53D80004CD31E /* encode.cpp */; };
		1ECDD7A31AB53D80004CD31E /* expr.cpp in Sources */ = {isa = PBXBuildFile; fileRef = 1ECDD77B1AB53D80004CD31E /* expr.cpp */; };
		1ECDD7A51AB53D80004CD31E /* expr.cpp in Sources */ = {isa = PBXBuildFile; fileRef = 1ECDD77E1AB53D80004CD31E /* expr.cpp */; };
		1ECDD7A61AB53D80004CD31E /* test.cpp in Sources */ = {isa = PBXBuildFile; fileRef = 1ECDD7801AB53D80004CD31E /* test.cpp */; };
		1ECDD7A71AB53F84004CD31E /* connect_test.m in Sources */ = {isa = PBXBuildFile; fileRef = 1ECDD77C1AB53D80004CD31E /* connect_test.m */; };
		8769EF2B1AC8CBBC003B7CEC /* connection.cpp in Sources */ = {isa = PBXBuildFile; fileRef = 1E2FA66D1ABCDE7C00134CFA /* connection.cpp */; };
		8769EF2C1AC8CBF1003B7CEC /* connection.c in Sources */ = {isa = PBXBuildFile; fileRef = 1E2FA66A1ABCDBCF00134CFA /* connection.c */; };
/* End PBXBuildFile section */

/* Begin PBXFileReference section */
		1E2FA66A1ABCDBCF00134CFA /* connection.c */ = {isa = PBXFileReference; fileEncoding = 4; lastKnownFileType = sourcecode.c.c; path = connection.c; sourceTree = "<group>"; };
		1E2FA66B1ABCDBCF00134CFA /* connection.h */ = {isa = PBXFileReference; fileEncoding = 4; lastKnownFileType = sourcecode.c.h; path = connection.h; sourceTree = "<group>"; };
		1E2FA66D1ABCDE7C00134CFA /* connection.cpp */ = {isa = PBXFileReference; fileEncoding = 4; lastKnownFileType = sourcecode.cpp.cpp; path = connection.cpp; sourceTree = "<group>"; };
		1E2FA66E1ABCDE7C00134CFA /* connection.hpp */ = {isa = PBXFileReference; fileEncoding = 4; lastKnownFileType = sourcecode.cpp.h; path = connection.hpp; sourceTree = "<group>"; };
		1E8855481ADF55160014920B /* ast.h */ = {isa = PBXFileReference; fileEncoding = 4; lastKnownFileType = sourcecode.c.h; path = ast.h; sourceTree = "<group>"; };
		1E8855491ADF55160014920B /* char.h */ = {isa = PBXFileReference; fileEncoding = 4; lastKnownFileType = sourcecode.c.h; path = char.h; sourceTree = "<group>"; };
		1E88554A1ADF55160014920B /* connection.h */ = {isa = PBXFileReference; fileEncoding = 4; lastKnownFileType = sourcecode.c.h; path = connection.h; sourceTree = "<group>"; };
		1E88554B1ADF55160014920B /* cursor.h */ = {isa = PBXFileReference; fileEncoding = 4; lastKnownFileType = sourcecode.c.h; path = cursor.h; sourceTree = "<group>"; };
		1E88554C1ADF55160014920B /* decode.h */ = {isa = PBXFileReference; fileEncoding = 4; lastKnownFileType = sourcecode.c.h; path = decode.h; sourceTree = "<group>"; };
		1E88554D1ADF55160014920B /* encode.h */ = {isa = PBXFileReference; fileEncoding = 4; lastKnownFileType = sourcecode.c.h; path = encode.h; sourceTree = "<group>"; };
		1E88554E1ADF55160014920B /* error.h */ = {isa = PBXFileReference; fileEncoding = 4; lastKnownFileType = sourcecode.c.h; path = error.h; sourceTree = "<group>"; };
		1E88554F1ADF55160014920B /* expr.h */ = {isa = PBXFileReference; fileEncoding = 4; lastKnownFileType = sourcecode.c.h; path = expr.h; sourceTree = "<group>"; };
		1E8855501ADF55160014920B /* json.h */ = {isa = PBXFileReference; fileEncoding = 4; lastKnownFileType = sourcecode.c.h; path = json.h; sourceTree = "<group>"; };
		1E9D4B821A03011100201983 /* libReQLTests.xctest */ = {isa = PBXFileReference; explicitFileType = wrapper.cfbundle; includeInIndex = 0; path = libReQLTests.xctest; sourceTree = BUILT_PRODUCTS_DIR; };
		1EAE66501AC7267A0080CBCC /* catch.hpp */ = {isa = PBXFileReference; fileEncoding = 4; lastKnownFileType = sourcecode.cpp.h; path = catch.hpp; sourceTree = "<group>"; };
		1ECDD7341AB53D80004CD31E /* ast.c */ = {isa = PBXFileReference; fileEncoding = 4; lastKnownFileType = sourcecode.c.c; path = ast.c; sourceTree = "<group>"; };
		1ECDD7351AB53D80004CD31E /* ast.h */ = {isa = PBXFileReference; fileEncoding = 4; lastKnownFileType = sourcecode.c.h; path = ast.h; sourceTree = "<group>"; };
		1ECDD7361AB53D80004CD31E /* char.c */ = {isa = PBXFileReference; fileEncoding = 4; lastKnownFileType = sourcecode.c.c; path = char.c; sourceTree = "<group>"; };
		1ECDD7381AB53D80004CD31E /* cursor.c */ = {isa = PBXFileReference; fileEncoding = 4; lastKnownFileType = sourcecode.c.c; path = cursor.c; sourceTree = "<group>"; };
		1ECDD7391AB53D80004CD31E /* cursor.h */ = {isa = PBXFileReference; fileEncoding = 4; lastKnownFileType = sourcecode.c.h; path = cursor.h; sourceTree = "<group>"; };
		1ECDD73A1AB53D80004CD31E /* decode.c */ = {isa = PBXFileReference; fileEncoding = 4; lastKnownFileType = sourcecode.c.c; path = decode.c; sourceTree = "<group>"; };
		1ECDD73C1AB53D80004CD31E /* encode.c */ = {isa = PBXFileReference; fileEncoding = 4; lastKnownFileType = sourcecode.c.c; path = encode.c; sourceTree = "<group>"; };
		1ECDD73E1AB53D80004CD31E /* error.c */ = {isa = PBXFileReference; fileEncoding = 4; lastKnownFileType = sourcecode.c.c; path = error.c; sourceTree = "<group>"; };
		1ECDD7401AB53D80004CD31E /* expr.c */ = {isa = PBXFileReference; fileEncoding = 4; lastKnownFileType = sourcecode.c.c; path = expr.c; sourceTree = "<group>"; };
		1ECDD7411AB53D80004CD31E /* expr.h */ = {isa = PBXFileReference; fileEncoding = 4; lastKnownFileType = sourcecode.c.h; path = expr.h; sourceTree = "<group>"; };
		1ECDD7421AB53D80004CD31E /* json.c */ = {isa = PBXFileReference; fileEncoding = 4; lastKnownFileType = sourcecode.c.c; path = json.c; sourceTree = "<group>"; };
		1ECDD7431AB53D80004CD31E /* json.h */ = {isa = PBXFileReference; fileEncoding = 4; lastKnownFileType = sourcecode.c.h; path = json.h; sourceTree = "<group>"; };
		1ECDD7451AB53D80004CD31E /* portable_endian.h */ = {isa = PBXFileReference; fileEncoding = 4; lastKnownFileType = sourcecode.c.h; path = portable_endian.h; sourceTree = "<group>"; };
		1ECDD7461AB53D80004CD31E /* portable_pthread.h */ = {isa = PBXFileReference; fileEncoding = 4; lastKnownFileType = sourcecode.c.h; path = portable_pthread.h; sourceTree = "<group>"; };
		1ECDD7471AB53D80004CD31E /* util.h */ = {isa = PBXFileReference; fileEncoding = 4; lastKnownFileType = sourcecode.c.h; path = util.h; sourceTree = "<group>"; };
		1ECDD7491AB53D80004CD31E /* ast.cpp */ = {isa = PBXFileReference; fileEncoding = 4; lastKnownFileType = sourcecode.cpp.cpp; path = ast.cpp; sourceTree = "<group>"; };
		1ECDD74A1AB53D80004CD31E /* ast.hpp */ = {isa = PBXFileReference; fileEncoding = 4; lastKnownFileType = sourcecode.cpp.h; path = ast.hpp; sourceTree = "<group>"; };
		1ECDD74B1AB53D80004CD31E /* expr.cpp */ = {isa = PBXFileReference; fileEncoding = 4; lastKnownFileType = sourcecode.cpp.cpp; path = expr.cpp; sourceTree = "<group>"; };
		1ECDD74C1AB53D80004CD31E /* expr.hpp */ = {isa = PBXFileReference; fileEncoding = 4; lastKnownFileType = sourcecode.cpp.h; path = expr.hpp; sourceTree = "<group>"; };
		1ECDD74D1AB53D80004CD31E /* new.cpp */ = {isa = PBXFileReference; fileEncoding = 4; lastKnownFileType = sourcecode.cpp.cpp; path = new.cpp; sourceTree = "<group>"; };
		1ECDD74E1AB53D80004CD31E /* new.hpp */ = {isa = PBXFileReference; fileEncoding = 4; lastKnownFileType = sourcecode.cpp.h; path = new.hpp; sourceTree = "<group>"; };
		1ECDD76C1AB53D80004CD31E /* ReQL.c */ = {isa = PBXFileReference; fileEncoding = 4; lastKnownFileType = sourcecode.c.c; path = ReQL.c; sourceTree = "<group>"; };
		1ECDD76D1AB53D80004CD31E /* ReQL.cpp */ = {isa = PBXFileReference; fileEncoding = 4; lastKnownFileType = sourcecode.cpp.cpp; path = ReQL.cpp; sourceTree = "<group>"; };
		1ECDD76E1AB53D80004CD31E /* ReQL.h */ = {isa = PBXFileReference; fileEncoding = 4; lastKnownFileType = sourcecode.c.h; path = ReQL.h; sourceTree = "<group>"; };
		1ECDD76F1AB53D80004CD31E /* ReQL.hpp */ = {isa = PBXFileReference; fileEncoding = 4; lastKnownFileType = sourcecode.cpp.h; path = ReQL.hpp; sourceTree = "<group>"; };
		1ECDD7781AB53D80004CD31E /* ast.cpp */ = {isa = PBXFileReference; fileEncoding = 4; lastKnownFileType = sourcecode.cpp.cpp; path = ast.cpp; sourceTree = "<group>"; };
		1ECDD7791AB53D80004CD31E /* decode.cpp */ = {isa = PBXFileReference; fileEncoding = 4; lastKnownFileType = sourcecode.cpp.cpp; path = decode.cpp; sourceTree = "<group>"; };
		1ECDD77A1AB53D80004CD31E /* encode.cpp */ = {isa = PBXFileReference; fileEncoding = 4; lastKnownFileType = sourcecode.cpp.cpp; path = encode.cpp; sourceTree = "<group>"; };
		1ECDD77B1AB53D80004CD31E /* expr.cpp */ = {isa = PBXFileReference; fileEncoding = 4; lastKnownFileType = sourcecode.cpp.cpp; path = expr.cpp; sourceTree = "<group>"; };
		1ECDD77C1AB53D80004CD31E /* connect_test.m */ = {isa = PBXFileReference; fileEncoding = 4; lastKnownFileType = sourcecode.c.objc; path = connect_test.m; sourceTree = "<group>"; };
		1ECDD77E1AB53D80004CD31E /* expr.cpp */ = {isa = PBXFileReference; fileEncoding = 4; lastKnownFileType = sourcecode.cpp.cpp; path = expr.cpp; sourceTree = "<group>"; };
		1ECDD77F1AB53D80004CD31E /* Info.plist */ = {isa = PBXFileReference; fileEncoding = 4; lastKnownFileType = text.plist.xml; path = Info.plist; sourceTree = "<group>"; };
		1ECDD7801AB53D80004CD31E /* test.cpp */ = {isa = PBXFileReference; fileEncoding = 4; lastKnownFileType = sourcecode.cpp.cpp; path = test.cpp; sourceTree = "<group>"; };
		1ECDD7811AB53D80004CD31E /* test.hpp */ = {isa = PBXFileReference; fileEncoding = 4; lastKnownFileType = sourcecode.cpp.h; path = test.hpp; sourceTree = "<group>"; };
		8773F1C11A6A058D001F14C5 /* libReQL-test */ = {isa = PBXFileReference; explicitFileType = "compiled.mach-o.executable"; includeInIndex = 0; path = "libReQL-test"; sourceTree = BUILT_PRODUCTS_DIR; };
/* End PBXFileReference section */

/* Begin PBXFrameworksBuildPhase section */
		1E9D4B7F1A03011100201983 /* Frameworks */ = {
			isa = PBXFrameworksBuildPhase;
			buildActionMask = 2147483647;
			files = (
			);
			runOnlyForDeploymentPostprocessing = 0;
		};
		8773F1BE1A6A058D001F14C5 /* Frameworks */ = {
			isa = PBXFrameworksBuildPhase;
			buildActionMask = 2147483647;
			files = (
			);
			runOnlyForDeploymentPostprocessing = 0;
		};
/* End PBXFrameworksBuildPhase section */

/* Begin PBXGroup section */
		1E8855471ADF55160014920B /* dev */ = {
			isa = PBXGroup;
			children = (
				1E8855481ADF55160014920B /* ast.h */,
				1E8855491ADF55160014920B /* char.h */,
				1E88554A1ADF55160014920B /* connection.h */,
				1E88554B1ADF55160014920B /* cursor.h */,
				1E88554C1ADF55160014920B /* decode.h */,
				1E88554D1ADF55160014920B /* encode.h */,
				1E88554E1ADF55160014920B /* error.h */,
				1E88554F1ADF55160014920B /* expr.h */,
				1E8855501ADF55160014920B /* json.h */,
			);
			path = dev;
			sourceTree = "<group>";
		};
		1E9D4B6E1A03011100201983 = {
			isa = PBXGroup;
			children = (
				1E9D4B781A03011100201983 /* Products */,
				1ECDD7321AB53D80004CD31E /* src */,
				1ECDD7761AB53D80004CD31E /* test */,
			);
			sourceTree = "<group>";
		};
		1E9D4B781A03011100201983 /* Products */ = {
			isa = PBXGroup;
			children = (
				1E9D4B821A03011100201983 /* libReQLTests.xctest */,
				8773F1C11A6A058D001F14C5 /* libReQL-test */,
			);
			name = Products;
			sourceTree = "<group>";
		};
		1ECDD7321AB53D80004CD31E /* src */ = {
			isa = PBXGroup;
			children = (
				1ECDD7331AB53D80004CD31E /* c */,
				1ECDD7481AB53D80004CD31E /* cpp */,
				1ECDD76C1AB53D80004CD31E /* ReQL.c */,
				1ECDD76D1AB53D80004CD31E /* ReQL.cpp */,
				1ECDD76E1AB53D80004CD31E /* ReQL.h */,
				1ECDD76F1AB53D80004CD31E /* ReQL.hpp */,
			);
			path = src;
			sourceTree = "<group>";
		};
		1ECDD7331AB53D80004CD31E /* c */ = {
			isa = PBXGroup;
			children = (
				1ECDD7341AB53D80004CD31E /* ast.c */,
				1ECDD7351AB53D80004CD31E /* ast.h */,
				1ECDD7361AB53D80004CD31E /* char.c */,
				1E2FA66A1ABCDBCF00134CFA /* connection.c */,
				1E2FA66B1ABCDBCF00134CFA /* connection.h */,
				1ECDD7381AB53D80004CD31E /* cursor.c */,
				1ECDD7391AB53D80004CD31E /* cursor.h */,
				1ECDD73A1AB53D80004CD31E /* decode.c */,
				1ECDD73C1AB53D80004CD31E /* encode.c */,
				1ECDD73E1AB53D80004CD31E /* error.c */,
				1ECDD7401AB53D80004CD31E /* expr.c */,
				1ECDD7411AB53D80004CD31E /* expr.h */,
				1ECDD7421AB53D80004CD31E /* json.c */,
				1ECDD7431AB53D80004CD31E /* json.h */,
				1E8855471ADF55160014920B /* dev */,
				1ECDD7441AB53D80004CD31E /* util */,
			);
			path = c;
			sourceTree = "<group>";
		};
		1ECDD7441AB53D80004CD31E /* util */ = {
			isa = PBXGroup;
			children = (
				1ECDD7451AB53D80004CD31E /* portable_endian.h */,
				1ECDD7461AB53D80004CD31E /* portable_pthread.h */,
				1ECDD7471AB53D80004CD31E /* util.h */,
			);
			path = util;
			sourceTree = "<group>";
		};
		1ECDD7481AB53D80004CD31E /* cpp */ = {
			isa = PBXGroup;
			children = (
				1ECDD7491AB53D80004CD31E /* ast.cpp */,
				1ECDD74A1AB53D80004CD31E /* ast.hpp */,
				1ECDD74B1AB53D80004CD31E /* expr.cpp */,
				1ECDD74C1AB53D80004CD31E /* expr.hpp */,
				1ECDD74D1AB53D80004CD31E /* new.cpp */,
				1ECDD74E1AB53D80004CD31E /* new.hpp */,
				1E2FA66D1ABCDE7C00134CFA /* connection.cpp */,
				1E2FA66E1ABCDE7C00134CFA /* connection.hpp */,
			);
			path = cpp;
			sourceTree = "<group>";
		};
		1ECDD7761AB53D80004CD31E /* test */ = {
			isa = PBXGroup;
			children = (
				1ECDD7771AB53D80004CD31E /* c */,
				1EAE66501AC7267A0080CBCC /* catch.hpp */,
				1ECDD77C1AB53D80004CD31E /* connect_test.m */,
				1ECDD77D1AB53D80004CD31E /* cpp */,
				1ECDD77F1AB53D80004CD31E /* Info.plist */,
				1ECDD7801AB53D80004CD31E /* test.cpp */,
				1ECDD7811AB53D80004CD31E /* test.hpp */,
			);
			path = test;
			sourceTree = "<group>";
		};
		1ECDD7771AB53D80004CD31E /* c */ = {
			isa = PBXGroup;
			children = (
				1ECDD7781AB53D80004CD31E /* ast.cpp */,
				1ECDD7791AB53D80004CD31E /* decode.cpp */,
				1ECDD77A1AB53D80004CD31E /* encode.cpp */,
				1ECDD77B1AB53D80004CD31E /* expr.cpp */,
			);
			path = c;
			sourceTree = "<group>";
		};
		1ECDD77D1AB53D80004CD31E /* cpp */ = {
			isa = PBXGroup;
			children = (
				1ECDD77E1AB53D80004CD31E /* expr.cpp */,
			);
			path = cpp;
			sourceTree = "<group>";
		};
/* End PBXGroup section */

/* Begin PBXNativeTarget section */
		1E9D4B811A03011100201983 /* libReQLTests */ = {
			isa = PBXNativeTarget;
			buildConfigurationList = 1E9D4B8E1A03011100201983 /* Build configuration list for PBXNativeTarget "libReQLTests" */;
			buildPhases = (
				1E9D4B7E1A03011100201983 /* Sources */,
				1E9D4B7F1A03011100201983 /* Frameworks */,
				1E9D4B801A03011100201983 /* Resources */,
			);
			buildRules = (
			);
			dependencies = (
			);
			name = libReQLTests;
			productName = libReQLTests;
			productReference = 1E9D4B821A03011100201983 /* libReQLTests.xctest */;
			productType = "com.apple.product-type.bundle.unit-test";
		};
		8773F1C01A6A058D001F14C5 /* libReQL-test */ = {
			isa = PBXNativeTarget;
			buildConfigurationList = 8773F1C71A6A058D001F14C5 /* Build configuration list for PBXNativeTarget "libReQL-test" */;
			buildPhases = (
				8773F1BD1A6A058D001F14C5 /* Sources */,
				8773F1BE1A6A058D001F14C5 /* Frameworks */,
			);
			buildRules = (
			);
			dependencies = (
			);
			name = "libReQL-test";
			productName = "libReQL-CPP-test";
			productReference = 8773F1C11A6A058D001F14C5 /* libReQL-test */;
			productType = "com.apple.product-type.tool";
		};
/* End PBXNativeTarget section */

/* Begin PBXProject section */
		1E9D4B6F1A03011100201983 /* Project object */ = {
			isa = PBXProject;
			attributes = {
				LastUpgradeCheck = 0620;
				ORGANIZATIONNAME = "Adam Grandquist";
				TargetAttributes = {
					1E9D4B811A03011100201983 = {
						CreatedOnToolsVersion = 6.1;
					};
					8773F1C01A6A058D001F14C5 = {
						CreatedOnToolsVersion = 6.1.1;
					};
				};
			};
			buildConfigurationList = 1E9D4B721A03011100201983 /* Build configuration list for PBXProject "libReQL" */;
			compatibilityVersion = "Xcode 3.2";
			developmentRegion = English;
			hasScannedForEncodings = 0;
			knownRegions = (
				en,
			);
			mainGroup = 1E9D4B6E1A03011100201983;
			productRefGroup = 1E9D4B781A03011100201983 /* Products */;
			projectDirPath = "";
			projectRoot = "";
			targets = (
				1E9D4B811A03011100201983 /* libReQLTests */,
				8773F1C01A6A058D001F14C5 /* libReQL-test */,
			);
		};
/* End PBXProject section */

/* Begin PBXResourcesBuildPhase section */
		1E9D4B801A03011100201983 /* Resources */ = {
			isa = PBXResourcesBuildPhase;
			buildActionMask = 2147483647;
			files = (
			);
			runOnlyForDeploymentPostprocessing = 0;
		};
/* End PBXResourcesBuildPhase section */

/* Begin PBXSourcesBuildPhase section */
		1E9D4B7E1A03011100201983 /* Sources */ = {
			isa = PBXSourcesBuildPhase;
			buildActionMask = 2147483647;
			files = (
				1ECDD7A71AB53F84004CD31E /* connect_test.m in Sources */,
			);
			runOnlyForDeploymentPostprocessing = 0;
		};
		8773F1BD1A6A058D001F14C5 /* Sources */ = {
			isa = PBXSourcesBuildPhase;
			buildActionMask = 2147483647;
			files = (
				1ECDD79C1AB53D80004CD31E /* ReQL.cpp in Sources */,
				1ECDD7871AB53D80004CD31E /* error.c in Sources */,
				1ECDD7A61AB53D80004CD31E /* test.cpp in Sources */,
				1ECDD7A31AB53D80004CD31E /* expr.cpp in Sources */,
				1ECDD7891AB53D80004CD31E /* json.c in Sources */,
				1ECDD7821AB53D80004CD31E /* ast.c in Sources */,
				1ECDD78A1AB53D80004CD31E /* ast.cpp in Sources */,
				1ECDD79B1AB53D80004CD31E /* ReQL.c in Sources */,
				1ECDD7851AB53D80004CD31E /* decode.c in Sources */,
				1ECDD7831AB53D80004CD31E /* char.c in Sources */,
				8769EF2C1AC8CBF1003B7CEC /* connection.c in Sources */,
				1ECDD7A51AB53D80004CD31E /* expr.cpp in Sources */,
				8769EF2B1AC8CBBC003B7CEC /* connection.cpp in Sources */,
				1ECDD7861AB53D80004CD31E /* encode.c in Sources */,
				1ECDD78C1AB53D80004CD31E /* new.cpp in Sources */,
				1ECDD7881AB53D80004CD31E /* expr.c in Sources */,
				1ECDD7A21AB53D80004CD31E /* encode.cpp in Sources */,
				1ECDD7A01AB53D80004CD31E /* ast.cpp in Sources */,
				1ECDD78B1AB53D80004CD31E /* expr.cpp in Sources */,
				1ECDD7841AB53D80004CD31E /* cursor.c in Sources */,
				1ECDD7A11AB53D80004CD31E /* decode.cpp in Sources */,
			);
			runOnlyForDeploymentPostprocessing = 0;
		};
/* End PBXSourcesBuildPhase section */

/* Begin XCBuildConfiguration section */
		1E9D4B891A03011100201983 /* Debug */ = {
			isa = XCBuildConfiguration;
			buildSettings = {
				CLANG_CXX_LANGUAGE_STANDARD = "c++0x";
				ONLY_ACTIVE_ARCH = YES;
			};
			name = Debug;
		};
		1E9D4B8A1A03011100201983 /* Release */ = {
			isa = XCBuildConfiguration;
			buildSettings = {
				CLANG_CXX_LANGUAGE_STANDARD = "c++0x";
				USER_HEADER_SEARCH_PATHS = src;
			};
			name = Release;
		};
		1E9D4B8F1A03011100201983 /* Debug */ = {
			isa = XCBuildConfiguration;
			buildSettings = {
				COMBINE_HIDPI_IMAGES = YES;
				PRODUCT_NAME = "$(TARGET_NAME)";
			};
			name = Debug;
		};
		1E9D4B901A03011100201983 /* Release */ = {
			isa = XCBuildConfiguration;
			buildSettings = {
				COMBINE_HIDPI_IMAGES = YES;
				PRODUCT_NAME = "$(TARGET_NAME)";
			};
			name = Release;
		};
		8773F1C51A6A058D001F14C5 /* Debug */ = {
			isa = XCBuildConfiguration;
			buildSettings = {
				PRODUCT_NAME = "$(TARGET_NAME)";
				USER_HEADER_SEARCH_PATHS = "src test";
			};
			name = Debug;
		};
		8773F1C61A6A058D001F14C5 /* Release */ = {
			isa = XCBuildConfiguration;
			buildSettings = {
				PRODUCT_NAME = "$(TARGET_NAME)";
				USER_HEADER_SEARCH_PATHS = "src test";
			};
			name = Release;
		};
/* End XCBuildConfiguration section */

/* Begin XCConfigurationList section */
		1E9D4B721A03011100201983 /* Build configuration list for PBXProject "libReQL" */ = {
			isa = XCConfigurationList;
			buildConfigurations = (
				1E9D4B891A03011100201983 /* Debug */,
				1E9D4B8A1A03011100201983 /* Release */,
			);
			defaultConfigurationIsVisible = 0;
			defaultConfigurationName = Release;
		};
		1E9D4B8E1A03011100201983 /* Build configuration list for PBXNativeTarget "libReQLTests" */ = {
			isa = XCConfigurationList;
			buildConfigurations = (
				1E9D4B8F1A03011100201983 /* Debug */,
				1E9D4B901A03011100201983 /* Release */,
			);
			defaultConfigurationIsVisible = 0;
			defaultConfigurationName = Release;
		};
		8773F1C71A6A058D001F14C5 /* Build configuration list for PBXNativeTarget "libReQL-test" */ = {
			isa = XCConfigurationList;
			buildConfigurations = (
				8773F1C51A6A058D001F14C5 /* Debug */,
				8773F1C61A6A058D001F14C5 /* Release */,
			);
			defaultConfigurationIsVisible = 0;
			defaultConfigurationName = Release;
		};
/* End XCConfigurationList section */
	};
	rootObject = 1E9D4B6F1A03011100201983 /* Project object */;
}
