// !$*UTF8*$!
{
	archiveVersion = 1;
	classes = {
	};
	objectVersion = 46;
	objects = {

/* Begin PBXBuildFile section */
		1E0915EA1A1A73A9007952FE /* ReQL-ast.c in Sources */ = {isa = PBXBuildFile; fileRef = 1ED0665F1A030AE8005225FD /* ReQL-ast.c */; };
		1E0915EB1A1A73A9007952FE /* ReQL-ast.h in Headers */ = {isa = PBXBuildFile; fileRef = 1ED066601A030AE8005225FD /* ReQL-ast.h */; };
		1E0915EC1A1A73A9007952FE /* ReQL-expr.c in Sources */ = {isa = PBXBuildFile; fileRef = 1ED066721A046AC1005225FD /* ReQL-expr.c */; };
		1E0915ED1A1A73A9007952FE /* ReQL-expr.h in Headers */ = {isa = PBXBuildFile; fileRef = 1ED066731A046AC1005225FD /* ReQL-expr.h */; };
		1E0915EE1A1A73A9007952FE /* ReQL.c in Sources */ = {isa = PBXBuildFile; fileRef = 1ED066631A030AE8005225FD /* ReQL.c */; };
		1E0915EF1A1A73A9007952FE /* ReQL.h in Headers */ = {isa = PBXBuildFile; fileRef = 1ED066641A030AE8005225FD /* ReQL.h */; };
		1E0915F61A1A73D3007952FE /* ReQL-ast-CPP.cpp in Sources */ = {isa = PBXBuildFile; fileRef = 1E0915F01A1A73D3007952FE /* ReQL-ast-CPP.cpp */; };
		1E0915F71A1A73D3007952FE /* ReQL-ast-CPP.hpp in Headers */ = {isa = PBXBuildFile; fileRef = 1E0915F11A1A73D3007952FE /* ReQL-ast-CPP.hpp */; };
		1E0915F81A1A73D3007952FE /* ReQL-CPP.cpp in Sources */ = {isa = PBXBuildFile; fileRef = 1E0915F21A1A73D3007952FE /* ReQL-CPP.cpp */; };
		1E0915F91A1A73D3007952FE /* ReQL-CPP.hpp in Headers */ = {isa = PBXBuildFile; fileRef = 1E0915F31A1A73D3007952FE /* ReQL-CPP.hpp */; };
		1E0915FA1A1A73D3007952FE /* ReQL-expr-CPP.cpp in Sources */ = {isa = PBXBuildFile; fileRef = 1E0915F41A1A73D3007952FE /* ReQL-expr-CPP.cpp */; };
		1E0915FB1A1A73D3007952FE /* ReQL-expr-CPP.hpp in Headers */ = {isa = PBXBuildFile; fileRef = 1E0915F51A1A73D3007952FE /* ReQL-expr-CPP.hpp */; };
		1E3F9A0F1A35250F0065A82F /* ReQL-ast.c in Sources */ = {isa = PBXBuildFile; fileRef = 1ED0665F1A030AE8005225FD /* ReQL-ast.c */; };
		1E3F9A101A35250F0065A82F /* ReQL-ast.h in Headers */ = {isa = PBXBuildFile; fileRef = 1ED066601A030AE8005225FD /* ReQL-ast.h */; };
		1E3F9A111A35250F0065A82F /* ReQL-expr.c in Sources */ = {isa = PBXBuildFile; fileRef = 1ED066721A046AC1005225FD /* ReQL-expr.c */; };
		1E3F9A121A35250F0065A82F /* ReQL-expr.h in Headers */ = {isa = PBXBuildFile; fileRef = 1ED066731A046AC1005225FD /* ReQL-expr.h */; };
		1E3F9A131A35250F0065A82F /* ReQL.c in Sources */ = {isa = PBXBuildFile; fileRef = 1ED066631A030AE8005225FD /* ReQL.c */; };
		1E3F9A141A35250F0065A82F /* ReQL.h in Headers */ = {isa = PBXBuildFile; fileRef = 1ED066641A030AE8005225FD /* ReQL.h */; };
		1E3F9A1A1A35253F0065A82F /* ReQL-ast-Python.c in Sources */ = {isa = PBXBuildFile; fileRef = 1E3F9A151A35253F0065A82F /* ReQL-ast-Python.c */; };
		1E3F9A1B1A35253F0065A82F /* ReQL-ast-Python.h in Headers */ = {isa = PBXBuildFile; fileRef = 1E3F9A161A35253F0065A82F /* ReQL-ast-Python.h */; };
		1E3F9A1C1A35253F0065A82F /* ReQL-expr-Python.c in Sources */ = {isa = PBXBuildFile; fileRef = 1E3F9A171A35253F0065A82F /* ReQL-expr-Python.c */; };
		1E3F9A1D1A35253F0065A82F /* ReQL-expr-Python.h in Headers */ = {isa = PBXBuildFile; fileRef = 1E3F9A181A35253F0065A82F /* ReQL-expr-Python.h */; };
		1E3F9A1E1A35253F0065A82F /* ReQL-Python.c in Sources */ = {isa = PBXBuildFile; fileRef = 1E3F9A191A35253F0065A82F /* ReQL-Python.c */; };
		1E84356B1A171A0F008167E6 /* ReQL-ast-Lua.c in Sources */ = {isa = PBXBuildFile; fileRef = 1E8435661A171A0F008167E6 /* ReQL-ast-Lua.c */; };
		1E84356C1A171A0F008167E6 /* ReQL-ast-Lua.h in Headers */ = {isa = PBXBuildFile; fileRef = 1E8435671A171A0F008167E6 /* ReQL-ast-Lua.h */; };
		1E84356D1A171A0F008167E6 /* ReQL-expr-Lua.c in Sources */ = {isa = PBXBuildFile; fileRef = 1E8435681A171A0F008167E6 /* ReQL-expr-Lua.c */; };
		1E84356E1A171A0F008167E6 /* ReQL-expr-Lua.h in Headers */ = {isa = PBXBuildFile; fileRef = 1E8435691A171A0F008167E6 /* ReQL-expr-Lua.h */; };
		1E84356F1A171A0F008167E6 /* ReQL-Lua.c in Sources */ = {isa = PBXBuildFile; fileRef = 1E84356A1A171A0F008167E6 /* ReQL-Lua.c */; };
		1E8435701A171A19008167E6 /* ReQL-ast.c in Sources */ = {isa = PBXBuildFile; fileRef = 1ED0665F1A030AE8005225FD /* ReQL-ast.c */; };
		1E8435711A171A1D008167E6 /* ReQL-ast.h in Headers */ = {isa = PBXBuildFile; fileRef = 1ED066601A030AE8005225FD /* ReQL-ast.h */; };
		1E8435721A171A1F008167E6 /* ReQL-expr.c in Sources */ = {isa = PBXBuildFile; fileRef = 1ED066721A046AC1005225FD /* ReQL-expr.c */; };
		1E8435731A171A24008167E6 /* ReQL-expr.h in Headers */ = {isa = PBXBuildFile; fileRef = 1ED066731A046AC1005225FD /* ReQL-expr.h */; };
		1E8435741A171A2D008167E6 /* ReQL.c in Sources */ = {isa = PBXBuildFile; fileRef = 1ED066631A030AE8005225FD /* ReQL.c */; };
		1E8435751A171A3F008167E6 /* ReQL.h in Headers */ = {isa = PBXBuildFile; fileRef = 1ED066641A030AE8005225FD /* ReQL.h */; };
		1E9D4B831A03011100201983 /* liblibReQL.dylib in Frameworks */ = {isa = PBXBuildFile; fileRef = 1E9D4B771A03011100201983 /* liblibReQL.dylib */; };
		1ED066651A030AE8005225FD /* ReQL-ast-ObjC.h in Headers */ = {isa = PBXBuildFile; fileRef = 1ED0665D1A030AE8005225FD /* ReQL-ast-ObjC.h */; };
		1ED066661A030AE8005225FD /* ReQL-ast-ObjC.m in Sources */ = {isa = PBXBuildFile; fileRef = 1ED0665E1A030AE8005225FD /* ReQL-ast-ObjC.m */; };
		1ED066671A030AE8005225FD /* ReQL-ast.c in Sources */ = {isa = PBXBuildFile; fileRef = 1ED0665F1A030AE8005225FD /* ReQL-ast.c */; };
		1ED066681A030AE8005225FD /* ReQL-ast.h in Headers */ = {isa = PBXBuildFile; fileRef = 1ED066601A030AE8005225FD /* ReQL-ast.h */; };
		1ED066691A030AE8005225FD /* ReQL-ObjC.h in Headers */ = {isa = PBXBuildFile; fileRef = 1ED066611A030AE8005225FD /* ReQL-ObjC.h */; };
		1ED0666A1A030AE8005225FD /* ReQL-ObjC.m in Sources */ = {isa = PBXBuildFile; fileRef = 1ED066621A030AE8005225FD /* ReQL-ObjC.m */; };
		1ED0666B1A030AE8005225FD /* ReQL.c in Sources */ = {isa = PBXBuildFile; fileRef = 1ED066631A030AE8005225FD /* ReQL.c */; };
		1ED0666C1A030AE8005225FD /* ReQL.h in Headers */ = {isa = PBXBuildFile; fileRef = 1ED066641A030AE8005225FD /* ReQL.h */; };
		1ED066741A046AC1005225FD /* ReQL-expr-ObjC.h in Headers */ = {isa = PBXBuildFile; fileRef = 1ED066701A046AC1005225FD /* ReQL-expr-ObjC.h */; };
		1ED066751A046AC1005225FD /* ReQL-expr-ObjC.m in Sources */ = {isa = PBXBuildFile; fileRef = 1ED066711A046AC1005225FD /* ReQL-expr-ObjC.m */; };
		1ED066761A046AC1005225FD /* ReQL-expr.c in Sources */ = {isa = PBXBuildFile; fileRef = 1ED066721A046AC1005225FD /* ReQL-expr.c */; };
		1ED066771A046AC1005225FD /* ReQL-expr.h in Headers */ = {isa = PBXBuildFile; fileRef = 1ED066731A046AC1005225FD /* ReQL-expr.h */; };
		876058881A47AF0F00FEA3E9 /* ReQL-json.c in Sources */ = {isa = PBXBuildFile; fileRef = 876058861A47AF0F00FEA3E9 /* ReQL-json.c */; };
		876058891A47AF0F00FEA3E9 /* ReQL-json.c in Sources */ = {isa = PBXBuildFile; fileRef = 876058861A47AF0F00FEA3E9 /* ReQL-json.c */; };
		8760588A1A47AF0F00FEA3E9 /* ReQL-json.c in Sources */ = {isa = PBXBuildFile; fileRef = 876058861A47AF0F00FEA3E9 /* ReQL-json.c */; };
		8760588B1A47AF0F00FEA3E9 /* ReQL-json.c in Sources */ = {isa = PBXBuildFile; fileRef = 876058861A47AF0F00FEA3E9 /* ReQL-json.c */; };
		8760588C1A47AF0F00FEA3E9 /* ReQL-json.h in Headers */ = {isa = PBXBuildFile; fileRef = 876058871A47AF0F00FEA3E9 /* ReQL-json.h */; };
		8760588D1A47AF0F00FEA3E9 /* ReQL-json.h in Headers */ = {isa = PBXBuildFile; fileRef = 876058871A47AF0F00FEA3E9 /* ReQL-json.h */; };
		8760588E1A47AF0F00FEA3E9 /* ReQL-json.h in Headers */ = {isa = PBXBuildFile; fileRef = 876058871A47AF0F00FEA3E9 /* ReQL-json.h */; };
		8760588F1A47AF0F00FEA3E9 /* ReQL-json.h in Headers */ = {isa = PBXBuildFile; fileRef = 876058871A47AF0F00FEA3E9 /* ReQL-json.h */; };
		879743B21A426437009F1A58 /* connect_test.m in Sources */ = {isa = PBXBuildFile; fileRef = 879743B11A426437009F1A58 /* connect_test.m */; };
		87A31C5A1A4B20D6002B8CC7 /* ReQL-test.cpp in Sources */ = {isa = PBXBuildFile; fileRef = 876058901A47BE1C00FEA3E9 /* ReQL-test.cpp */; };
		87A31C5D1A4B2109002B8CC7 /* ReQL-expr-test.cpp in Sources */ = {isa = PBXBuildFile; fileRef = 87A31C5B1A4B2109002B8CC7 /* ReQL-expr-test.cpp */; };
		87A31C5E1A4B2109002B8CC7 /* ReQL-expr-test.hpp in Headers */ = {isa = PBXBuildFile; fileRef = 87A31C5C1A4B2109002B8CC7 /* ReQL-expr-test.hpp */; };
		87A31C611A4B211C002B8CC7 /* ReQL-ast-test.cpp in Sources */ = {isa = PBXBuildFile; fileRef = 87A31C5F1A4B211C002B8CC7 /* ReQL-ast-test.cpp */; };
		87A31C621A4B211C002B8CC7 /* ReQL-ast-test.hpp in Headers */ = {isa = PBXBuildFile; fileRef = 87A31C601A4B211C002B8CC7 /* ReQL-ast-test.hpp */; };
		87CFC9361A47D4BD00CCD339 /* ReQL.hpp in Headers */ = {isa = PBXBuildFile; fileRef = 87CFC9351A47D4BD00CCD339 /* ReQL.hpp */; };
		87E33B591A54DE7800F3C411 /* ReQL-decode.c in Sources */ = {isa = PBXBuildFile; fileRef = 87E33B551A54DE7800F3C411 /* ReQL-decode.c */; };
		87E33B5A1A54DE7800F3C411 /* ReQL-decode.c in Sources */ = {isa = PBXBuildFile; fileRef = 87E33B551A54DE7800F3C411 /* ReQL-decode.c */; };
		87E33B5B1A54DE7800F3C411 /* ReQL-decode.c in Sources */ = {isa = PBXBuildFile; fileRef = 87E33B551A54DE7800F3C411 /* ReQL-decode.c */; };
		87E33B5C1A54DE7800F3C411 /* ReQL-decode.c in Sources */ = {isa = PBXBuildFile; fileRef = 87E33B551A54DE7800F3C411 /* ReQL-decode.c */; };
		87E33B5D1A54DE7800F3C411 /* ReQL-decode.h in Headers */ = {isa = PBXBuildFile; fileRef = 87E33B561A54DE7800F3C411 /* ReQL-decode.h */; };
		87E33B5E1A54DE7800F3C411 /* ReQL-decode.h in Headers */ = {isa = PBXBuildFile; fileRef = 87E33B561A54DE7800F3C411 /* ReQL-decode.h */; };
		87E33B5F1A54DE7800F3C411 /* ReQL-decode.h in Headers */ = {isa = PBXBuildFile; fileRef = 87E33B561A54DE7800F3C411 /* ReQL-decode.h */; };
		87E33B601A54DE7800F3C411 /* ReQL-decode.h in Headers */ = {isa = PBXBuildFile; fileRef = 87E33B561A54DE7800F3C411 /* ReQL-decode.h */; };
		87E33B611A54DE7800F3C411 /* ReQL-encode.c in Sources */ = {isa = PBXBuildFile; fileRef = 87E33B571A54DE7800F3C411 /* ReQL-encode.c */; };
		87E33B621A54DE7800F3C411 /* ReQL-encode.c in Sources */ = {isa = PBXBuildFile; fileRef = 87E33B571A54DE7800F3C411 /* ReQL-encode.c */; };
		87E33B631A54DE7800F3C411 /* ReQL-encode.c in Sources */ = {isa = PBXBuildFile; fileRef = 87E33B571A54DE7800F3C411 /* ReQL-encode.c */; };
		87E33B641A54DE7800F3C411 /* ReQL-encode.c in Sources */ = {isa = PBXBuildFile; fileRef = 87E33B571A54DE7800F3C411 /* ReQL-encode.c */; };
		87E33B651A54DE7800F3C411 /* ReQL-encode.h in Headers */ = {isa = PBXBuildFile; fileRef = 87E33B581A54DE7800F3C411 /* ReQL-encode.h */; };
		87E33B661A54DE7800F3C411 /* ReQL-encode.h in Headers */ = {isa = PBXBuildFile; fileRef = 87E33B581A54DE7800F3C411 /* ReQL-encode.h */; };
		87E33B671A54DE7800F3C411 /* ReQL-encode.h in Headers */ = {isa = PBXBuildFile; fileRef = 87E33B581A54DE7800F3C411 /* ReQL-encode.h */; };
		87E33B681A54DE7800F3C411 /* ReQL-encode.h in Headers */ = {isa = PBXBuildFile; fileRef = 87E33B581A54DE7800F3C411 /* ReQL-encode.h */; };
/* End PBXBuildFile section */

/* Begin PBXContainerItemProxy section */
		1E9D4B841A03011100201983 /* PBXContainerItemProxy */ = {
			isa = PBXContainerItemProxy;
			containerPortal = 1E9D4B6F1A03011100201983 /* Project object */;
			proxyType = 1;
			remoteGlobalIDString = 1E9D4B761A03011100201983;
			remoteInfo = libReQL;
		};
/* End PBXContainerItemProxy section */

/* Begin PBXFileReference section */
		1E0915DF1A1A7385007952FE /* liblibReQL-CPP.dylib */ = {isa = PBXFileReference; explicitFileType = "compiled.mach-o.dylib"; includeInIndex = 0; path = "liblibReQL-CPP.dylib"; sourceTree = BUILT_PRODUCTS_DIR; };
		1E0915F01A1A73D3007952FE /* ReQL-ast-CPP.cpp */ = {isa = PBXFileReference; fileEncoding = 4; lastKnownFileType = sourcecode.cpp.cpp; path = "ReQL-ast-CPP.cpp"; sourceTree = "<group>"; };
		1E0915F11A1A73D3007952FE /* ReQL-ast-CPP.hpp */ = {isa = PBXFileReference; fileEncoding = 4; lastKnownFileType = sourcecode.cpp.h; path = "ReQL-ast-CPP.hpp"; sourceTree = "<group>"; };
		1E0915F21A1A73D3007952FE /* ReQL-CPP.cpp */ = {isa = PBXFileReference; fileEncoding = 4; lastKnownFileType = sourcecode.cpp.cpp; path = "ReQL-CPP.cpp"; sourceTree = "<group>"; };
		1E0915F31A1A73D3007952FE /* ReQL-CPP.hpp */ = {isa = PBXFileReference; fileEncoding = 4; lastKnownFileType = sourcecode.cpp.h; path = "ReQL-CPP.hpp"; sourceTree = "<group>"; };
		1E0915F41A1A73D3007952FE /* ReQL-expr-CPP.cpp */ = {isa = PBXFileReference; fileEncoding = 4; lastKnownFileType = sourcecode.cpp.cpp; path = "ReQL-expr-CPP.cpp"; sourceTree = "<group>"; };
		1E0915F51A1A73D3007952FE /* ReQL-expr-CPP.hpp */ = {isa = PBXFileReference; fileEncoding = 4; lastKnownFileType = sourcecode.cpp.h; path = "ReQL-expr-CPP.hpp"; sourceTree = "<group>"; };
		1E3F9A0B1A3524F10065A82F /* liblibReQL-Python.dylib */ = {isa = PBXFileReference; explicitFileType = "compiled.mach-o.dylib"; includeInIndex = 0; path = "liblibReQL-Python.dylib"; sourceTree = BUILT_PRODUCTS_DIR; };
		1E3F9A151A35253F0065A82F /* ReQL-ast-Python.c */ = {isa = PBXFileReference; fileEncoding = 4; lastKnownFileType = sourcecode.c.c; path = "ReQL-ast-Python.c"; sourceTree = SOURCE_ROOT; };
		1E3F9A161A35253F0065A82F /* ReQL-ast-Python.h */ = {isa = PBXFileReference; fileEncoding = 4; lastKnownFileType = sourcecode.c.h; path = "ReQL-ast-Python.h"; sourceTree = SOURCE_ROOT; };
		1E3F9A171A35253F0065A82F /* ReQL-expr-Python.c */ = {isa = PBXFileReference; fileEncoding = 4; lastKnownFileType = sourcecode.c.c; path = "ReQL-expr-Python.c"; sourceTree = SOURCE_ROOT; };
		1E3F9A181A35253F0065A82F /* ReQL-expr-Python.h */ = {isa = PBXFileReference; fileEncoding = 4; lastKnownFileType = sourcecode.c.h; path = "ReQL-expr-Python.h"; sourceTree = SOURCE_ROOT; };
		1E3F9A191A35253F0065A82F /* ReQL-Python.c */ = {isa = PBXFileReference; fileEncoding = 4; lastKnownFileType = sourcecode.c.c; path = "ReQL-Python.c"; sourceTree = SOURCE_ROOT; };
		1E8435621A17193D008167E6 /* liblibReQL-Lua.dylib */ = {isa = PBXFileReference; explicitFileType = "compiled.mach-o.dylib"; includeInIndex = 0; path = "liblibReQL-Lua.dylib"; sourceTree = BUILT_PRODUCTS_DIR; };
		1E8435661A171A0F008167E6 /* ReQL-ast-Lua.c */ = {isa = PBXFileReference; fileEncoding = 4; lastKnownFileType = sourcecode.c.c; path = "ReQL-ast-Lua.c"; sourceTree = "<group>"; };
		1E8435671A171A0F008167E6 /* ReQL-ast-Lua.h */ = {isa = PBXFileReference; fileEncoding = 4; lastKnownFileType = sourcecode.c.h; path = "ReQL-ast-Lua.h"; sourceTree = "<group>"; };
		1E8435681A171A0F008167E6 /* ReQL-expr-Lua.c */ = {isa = PBXFileReference; fileEncoding = 4; lastKnownFileType = sourcecode.c.c; path = "ReQL-expr-Lua.c"; sourceTree = "<group>"; };
		1E8435691A171A0F008167E6 /* ReQL-expr-Lua.h */ = {isa = PBXFileReference; fileEncoding = 4; lastKnownFileType = sourcecode.c.h; path = "ReQL-expr-Lua.h"; sourceTree = "<group>"; };
		1E84356A1A171A0F008167E6 /* ReQL-Lua.c */ = {isa = PBXFileReference; fileEncoding = 4; lastKnownFileType = sourcecode.c.c; path = "ReQL-Lua.c"; sourceTree = "<group>"; };
		1E9D4B771A03011100201983 /* liblibReQL.dylib */ = {isa = PBXFileReference; explicitFileType = "compiled.mach-o.dylib"; includeInIndex = 0; path = liblibReQL.dylib; sourceTree = BUILT_PRODUCTS_DIR; };
		1E9D4B821A03011100201983 /* libReQLTests.xctest */ = {isa = PBXFileReference; explicitFileType = wrapper.cfbundle; includeInIndex = 0; path = libReQLTests.xctest; sourceTree = BUILT_PRODUCTS_DIR; };
		1ED0665D1A030AE8005225FD /* ReQL-ast-ObjC.h */ = {isa = PBXFileReference; fileEncoding = 4; lastKnownFileType = sourcecode.c.h; path = "ReQL-ast-ObjC.h"; sourceTree = "<group>"; };
		1ED0665E1A030AE8005225FD /* ReQL-ast-ObjC.m */ = {isa = PBXFileReference; fileEncoding = 4; lastKnownFileType = sourcecode.c.objc; path = "ReQL-ast-ObjC.m"; sourceTree = "<group>"; };
		1ED0665F1A030AE8005225FD /* ReQL-ast.c */ = {isa = PBXFileReference; fileEncoding = 4; lastKnownFileType = sourcecode.c.c; path = "ReQL-ast.c"; sourceTree = "<group>"; };
		1ED066601A030AE8005225FD /* ReQL-ast.h */ = {isa = PBXFileReference; fileEncoding = 4; lastKnownFileType = sourcecode.c.h; path = "ReQL-ast.h"; sourceTree = "<group>"; };
		1ED066611A030AE8005225FD /* ReQL-ObjC.h */ = {isa = PBXFileReference; fileEncoding = 4; lastKnownFileType = sourcecode.c.h; path = "ReQL-ObjC.h"; sourceTree = "<group>"; };
		1ED066621A030AE8005225FD /* ReQL-ObjC.m */ = {isa = PBXFileReference; fileEncoding = 4; lastKnownFileType = sourcecode.c.objc; path = "ReQL-ObjC.m"; sourceTree = "<group>"; };
		1ED066631A030AE8005225FD /* ReQL.c */ = {isa = PBXFileReference; fileEncoding = 4; lastKnownFileType = sourcecode.c.c; path = ReQL.c; sourceTree = "<group>"; };
		1ED066641A030AE8005225FD /* ReQL.h */ = {isa = PBXFileReference; fileEncoding = 4; lastKnownFileType = sourcecode.c.h; path = ReQL.h; sourceTree = "<group>"; };
		1ED0666E1A030B0C005225FD /* Info.plist */ = {isa = PBXFileReference; fileEncoding = 4; lastKnownFileType = text.plist.xml; path = Info.plist; sourceTree = "<group>"; };
		1ED066701A046AC1005225FD /* ReQL-expr-ObjC.h */ = {isa = PBXFileReference; fileEncoding = 4; lastKnownFileType = sourcecode.c.h; path = "ReQL-expr-ObjC.h"; sourceTree = "<group>"; };
		1ED066711A046AC1005225FD /* ReQL-expr-ObjC.m */ = {isa = PBXFileReference; fileEncoding = 4; lastKnownFileType = sourcecode.c.objc; path = "ReQL-expr-ObjC.m"; sourceTree = "<group>"; };
		1ED066721A046AC1005225FD /* ReQL-expr.c */ = {isa = PBXFileReference; fileEncoding = 4; lastKnownFileType = sourcecode.c.c; path = "ReQL-expr.c"; sourceTree = "<group>"; };
		1ED066731A046AC1005225FD /* ReQL-expr.h */ = {isa = PBXFileReference; fileEncoding = 4; lastKnownFileType = sourcecode.c.h; path = "ReQL-expr.h"; sourceTree = "<group>"; };
		876058861A47AF0F00FEA3E9 /* ReQL-json.c */ = {isa = PBXFileReference; fileEncoding = 4; lastKnownFileType = sourcecode.c.c; path = "ReQL-json.c"; sourceTree = "<group>"; };
		876058871A47AF0F00FEA3E9 /* ReQL-json.h */ = {isa = PBXFileReference; fileEncoding = 4; lastKnownFileType = sourcecode.c.h; path = "ReQL-json.h"; sourceTree = "<group>"; };
		876058901A47BE1C00FEA3E9 /* ReQL-test.cpp */ = {isa = PBXFileReference; lastKnownFileType = sourcecode.cpp.cpp; path = "ReQL-test.cpp"; sourceTree = "<group>"; };
		879743B11A426437009F1A58 /* connect_test.m */ = {isa = PBXFileReference; fileEncoding = 4; lastKnownFileType = sourcecode.c.objc; path = connect_test.m; sourceTree = "<group>"; };
		87A31C5B1A4B2109002B8CC7 /* ReQL-expr-test.cpp */ = {isa = PBXFileReference; fileEncoding = 4; lastKnownFileType = sourcecode.cpp.cpp; path = "ReQL-expr-test.cpp"; sourceTree = "<group>"; };
		87A31C5C1A4B2109002B8CC7 /* ReQL-expr-test.hpp */ = {isa = PBXFileReference; fileEncoding = 4; lastKnownFileType = sourcecode.cpp.h; path = "ReQL-expr-test.hpp"; sourceTree = "<group>"; };
		87A31C5F1A4B211C002B8CC7 /* ReQL-ast-test.cpp */ = {isa = PBXFileReference; fileEncoding = 4; lastKnownFileType = sourcecode.cpp.cpp; path = "ReQL-ast-test.cpp"; sourceTree = "<group>"; };
		87A31C601A4B211C002B8CC7 /* ReQL-ast-test.hpp */ = {isa = PBXFileReference; fileEncoding = 4; lastKnownFileType = sourcecode.cpp.h; path = "ReQL-ast-test.hpp"; sourceTree = "<group>"; };
		87CFC9351A47D4BD00CCD339 /* ReQL.hpp */ = {isa = PBXFileReference; fileEncoding = 4; lastKnownFileType = sourcecode.cpp.h; path = ReQL.hpp; sourceTree = "<group>"; };
		87E33B551A54DE7800F3C411 /* ReQL-decode.c */ = {isa = PBXFileReference; fileEncoding = 4; lastKnownFileType = sourcecode.c.c; path = "ReQL-decode.c"; sourceTree = "<group>"; };
		87E33B561A54DE7800F3C411 /* ReQL-decode.h */ = {isa = PBXFileReference; fileEncoding = 4; lastKnownFileType = sourcecode.c.h; path = "ReQL-decode.h"; sourceTree = "<group>"; };
		87E33B571A54DE7800F3C411 /* ReQL-encode.c */ = {isa = PBXFileReference; fileEncoding = 4; lastKnownFileType = sourcecode.c.c; path = "ReQL-encode.c"; sourceTree = "<group>"; };
		87E33B581A54DE7800F3C411 /* ReQL-encode.h */ = {isa = PBXFileReference; fileEncoding = 4; lastKnownFileType = sourcecode.c.h; path = "ReQL-encode.h"; sourceTree = "<group>"; };
/* End PBXFileReference section */

/* Begin PBXFrameworksBuildPhase section */
		1E0915DC1A1A7385007952FE /* Frameworks */ = {
			isa = PBXFrameworksBuildPhase;
			buildActionMask = 2147483647;
			files = (
			);
			runOnlyForDeploymentPostprocessing = 0;
		};
		1E3F9A081A3524F10065A82F /* Frameworks */ = {
			isa = PBXFrameworksBuildPhase;
			buildActionMask = 2147483647;
			files = (
			);
			runOnlyForDeploymentPostprocessing = 0;
		};
		1E84355F1A17193D008167E6 /* Frameworks */ = {
			isa = PBXFrameworksBuildPhase;
			buildActionMask = 2147483647;
			files = (
			);
			runOnlyForDeploymentPostprocessing = 0;
		};
		1E9D4B741A03011100201983 /* Frameworks */ = {
			isa = PBXFrameworksBuildPhase;
			buildActionMask = 2147483647;
			files = (
			);
			runOnlyForDeploymentPostprocessing = 0;
		};
		1E9D4B7F1A03011100201983 /* Frameworks */ = {
			isa = PBXFrameworksBuildPhase;
			buildActionMask = 2147483647;
			files = (
				1E9D4B831A03011100201983 /* liblibReQL.dylib in Frameworks */,
			);
			runOnlyForDeploymentPostprocessing = 0;
		};
/* End PBXFrameworksBuildPhase section */

/* Begin PBXGroup section */
		1E9D4B6E1A03011100201983 = {
			isa = PBXGroup;
			children = (
				1E9D4B781A03011100201983 /* Products */,
				1E0915F01A1A73D3007952FE /* ReQL-ast-CPP.cpp */,
				1E0915F11A1A73D3007952FE /* ReQL-ast-CPP.hpp */,
				1E8435661A171A0F008167E6 /* ReQL-ast-Lua.c */,
				1E8435671A171A0F008167E6 /* ReQL-ast-Lua.h */,
				1ED0665D1A030AE8005225FD /* ReQL-ast-ObjC.h */,
				1ED0665E1A030AE8005225FD /* ReQL-ast-ObjC.m */,
				1E3F9A151A35253F0065A82F /* ReQL-ast-Python.c */,
				1E3F9A161A35253F0065A82F /* ReQL-ast-Python.h */,
				87A31C5F1A4B211C002B8CC7 /* ReQL-ast-test.cpp */,
				87A31C601A4B211C002B8CC7 /* ReQL-ast-test.hpp */,
				1ED0665F1A030AE8005225FD /* ReQL-ast.c */,
				1ED066601A030AE8005225FD /* ReQL-ast.h */,
				1E0915F21A1A73D3007952FE /* ReQL-CPP.cpp */,
				1E0915F31A1A73D3007952FE /* ReQL-CPP.hpp */,
				87E33B551A54DE7800F3C411 /* ReQL-decode.c */,
				87E33B561A54DE7800F3C411 /* ReQL-decode.h */,
				87E33B571A54DE7800F3C411 /* ReQL-encode.c */,
				87E33B581A54DE7800F3C411 /* ReQL-encode.h */,
				1E0915F41A1A73D3007952FE /* ReQL-expr-CPP.cpp */,
				1E0915F51A1A73D3007952FE /* ReQL-expr-CPP.hpp */,
				1E8435681A171A0F008167E6 /* ReQL-expr-Lua.c */,
				1E8435691A171A0F008167E6 /* ReQL-expr-Lua.h */,
				1ED066701A046AC1005225FD /* ReQL-expr-ObjC.h */,
				1ED066711A046AC1005225FD /* ReQL-expr-ObjC.m */,
				1E3F9A171A35253F0065A82F /* ReQL-expr-Python.c */,
				1E3F9A181A35253F0065A82F /* ReQL-expr-Python.h */,
				87A31C5B1A4B2109002B8CC7 /* ReQL-expr-test.cpp */,
				87A31C5C1A4B2109002B8CC7 /* ReQL-expr-test.hpp */,
				1ED066721A046AC1005225FD /* ReQL-expr.c */,
				1ED066731A046AC1005225FD /* ReQL-expr.h */,
				876058861A47AF0F00FEA3E9 /* ReQL-json.c */,
				876058871A47AF0F00FEA3E9 /* ReQL-json.h */,
				1E84356A1A171A0F008167E6 /* ReQL-Lua.c */,
				1ED066611A030AE8005225FD /* ReQL-ObjC.h */,
				1ED066621A030AE8005225FD /* ReQL-ObjC.m */,
				1E3F9A191A35253F0065A82F /* ReQL-Python.c */,
				876058901A47BE1C00FEA3E9 /* ReQL-test.cpp */,
				1ED066631A030AE8005225FD /* ReQL.c */,
				1ED066641A030AE8005225FD /* ReQL.h */,
				87CFC9351A47D4BD00CCD339 /* ReQL.hpp */,
				1ED0666D1A030B0C005225FD /* test */,
			);
			sourceTree = "<group>";
		};
		1E9D4B781A03011100201983 /* Products */ = {
			isa = PBXGroup;
			children = (
				1E9D4B771A03011100201983 /* liblibReQL.dylib */,
				1E9D4B821A03011100201983 /* libReQLTests.xctest */,
				1E8435621A17193D008167E6 /* liblibReQL-Lua.dylib */,
				1E0915DF1A1A7385007952FE /* liblibReQL-CPP.dylib */,
				1E3F9A0B1A3524F10065A82F /* liblibReQL-Python.dylib */,
			);
			name = Products;
			sourceTree = "<group>";
		};
		1ED0666D1A030B0C005225FD /* test */ = {
			isa = PBXGroup;
			children = (
				879743B11A426437009F1A58 /* connect_test.m */,
				1ED0666E1A030B0C005225FD /* Info.plist */,
			);
			path = test;
			sourceTree = "<group>";
		};
/* End PBXGroup section */

/* Begin PBXHeadersBuildPhase section */
		1E0915DD1A1A7385007952FE /* Headers */ = {
			isa = PBXHeadersBuildPhase;
			buildActionMask = 2147483647;
			files = (
				1E0915EF1A1A73A9007952FE /* ReQL.h in Headers */,
				8760588E1A47AF0F00FEA3E9 /* ReQL-json.h in Headers */,
				87E33B671A54DE7800F3C411 /* ReQL-encode.h in Headers */,
				87CFC9361A47D4BD00CCD339 /* ReQL.hpp in Headers */,
				1E0915F91A1A73D3007952FE /* ReQL-CPP.hpp in Headers */,
				1E0915ED1A1A73A9007952FE /* ReQL-expr.h in Headers */,
				1E0915EB1A1A73A9007952FE /* ReQL-ast.h in Headers */,
				1E0915F71A1A73D3007952FE /* ReQL-ast-CPP.hpp in Headers */,
				87A31C621A4B211C002B8CC7 /* ReQL-ast-test.hpp in Headers */,
				1E0915FB1A1A73D3007952FE /* ReQL-expr-CPP.hpp in Headers */,
				87A31C5E1A4B2109002B8CC7 /* ReQL-expr-test.hpp in Headers */,
				87E33B5F1A54DE7800F3C411 /* ReQL-decode.h in Headers */,
			);
			runOnlyForDeploymentPostprocessing = 0;
		};
		1E3F9A091A3524F10065A82F /* Headers */ = {
			isa = PBXHeadersBuildPhase;
			buildActionMask = 2147483647;
			files = (
				1E3F9A141A35250F0065A82F /* ReQL.h in Headers */,
				1E3F9A101A35250F0065A82F /* ReQL-ast.h in Headers */,
				87E33B681A54DE7800F3C411 /* ReQL-encode.h in Headers */,
				1E3F9A121A35250F0065A82F /* ReQL-expr.h in Headers */,
				1E3F9A1B1A35253F0065A82F /* ReQL-ast-Python.h in Headers */,
				87E33B601A54DE7800F3C411 /* ReQL-decode.h in Headers */,
				8760588F1A47AF0F00FEA3E9 /* ReQL-json.h in Headers */,
				1E3F9A1D1A35253F0065A82F /* ReQL-expr-Python.h in Headers */,
			);
			runOnlyForDeploymentPostprocessing = 0;
		};
		1E8435601A17193D008167E6 /* Headers */ = {
			isa = PBXHeadersBuildPhase;
			buildActionMask = 2147483647;
			files = (
				1E8435751A171A3F008167E6 /* ReQL.h in Headers */,
				1E84356E1A171A0F008167E6 /* ReQL-expr-Lua.h in Headers */,
				87E33B661A54DE7800F3C411 /* ReQL-encode.h in Headers */,
				1E8435731A171A24008167E6 /* ReQL-expr.h in Headers */,
				1E84356C1A171A0F008167E6 /* ReQL-ast-Lua.h in Headers */,
				87E33B5E1A54DE7800F3C411 /* ReQL-decode.h in Headers */,
				8760588D1A47AF0F00FEA3E9 /* ReQL-json.h in Headers */,
				1E8435711A171A1D008167E6 /* ReQL-ast.h in Headers */,
			);
			runOnlyForDeploymentPostprocessing = 0;
		};
		1E9D4B751A03011100201983 /* Headers */ = {
			isa = PBXHeadersBuildPhase;
			buildActionMask = 2147483647;
			files = (
				87E33B5D1A54DE7800F3C411 /* ReQL-decode.h in Headers */,
				1ED0666C1A030AE8005225FD /* ReQL.h in Headers */,
				87E33B651A54DE7800F3C411 /* ReQL-encode.h in Headers */,
				8760588C1A47AF0F00FEA3E9 /* ReQL-json.h in Headers */,
				1ED066771A046AC1005225FD /* ReQL-expr.h in Headers */,
				1ED066691A030AE8005225FD /* ReQL-ObjC.h in Headers */,
				1ED066741A046AC1005225FD /* ReQL-expr-ObjC.h in Headers */,
				1ED066651A030AE8005225FD /* ReQL-ast-ObjC.h in Headers */,
				1ED066681A030AE8005225FD /* ReQL-ast.h in Headers */,
			);
			runOnlyForDeploymentPostprocessing = 0;
		};
/* End PBXHeadersBuildPhase section */

/* Begin PBXNativeTarget section */
		1E0915DE1A1A7385007952FE /* libReQL-CPP */ = {
			isa = PBXNativeTarget;
			buildConfigurationList = 1E0915E91A1A7385007952FE /* Build configuration list for PBXNativeTarget "libReQL-CPP" */;
			buildPhases = (
				1E0915DB1A1A7385007952FE /* Sources */,
				1E0915DC1A1A7385007952FE /* Frameworks */,
				1E0915DD1A1A7385007952FE /* Headers */,
			);
			buildRules = (
			);
			dependencies = (
			);
			name = "libReQL-CPP";
			productName = "libReQL-CPP";
			productReference = 1E0915DF1A1A7385007952FE /* liblibReQL-CPP.dylib */;
			productType = "com.apple.product-type.library.dynamic";
		};
		1E3F9A0A1A3524F10065A82F /* libReQL-Python */ = {
			isa = PBXNativeTarget;
			buildConfigurationList = 1E3F9A0E1A3524F10065A82F /* Build configuration list for PBXNativeTarget "libReQL-Python" */;
			buildPhases = (
				1E3F9A071A3524F10065A82F /* Sources */,
				1E3F9A081A3524F10065A82F /* Frameworks */,
				1E3F9A091A3524F10065A82F /* Headers */,
			);
			buildRules = (
			);
			dependencies = (
			);
			name = "libReQL-Python";
			productName = "libReQL-Python";
			productReference = 1E3F9A0B1A3524F10065A82F /* liblibReQL-Python.dylib */;
			productType = "com.apple.product-type.library.dynamic";
		};
		1E8435611A17193D008167E6 /* libReQL-Lua */ = {
			isa = PBXNativeTarget;
			buildConfigurationList = 1E8435651A17193D008167E6 /* Build configuration list for PBXNativeTarget "libReQL-Lua" */;
			buildPhases = (
				1E84355E1A17193D008167E6 /* Sources */,
				1E84355F1A17193D008167E6 /* Frameworks */,
				1E8435601A17193D008167E6 /* Headers */,
			);
			buildRules = (
			);
			dependencies = (
			);
			name = "libReQL-Lua";
			productName = "libReQL-Lua";
			productReference = 1E8435621A17193D008167E6 /* liblibReQL-Lua.dylib */;
			productType = "com.apple.product-type.library.dynamic";
		};
		1E9D4B761A03011100201983 /* libReQL */ = {
			isa = PBXNativeTarget;
			buildConfigurationList = 1E9D4B8B1A03011100201983 /* Build configuration list for PBXNativeTarget "libReQL" */;
			buildPhases = (
				1E9D4B731A03011100201983 /* Sources */,
				1E9D4B741A03011100201983 /* Frameworks */,
				1E9D4B751A03011100201983 /* Headers */,
			);
			buildRules = (
			);
			dependencies = (
			);
			name = libReQL;
			productName = libReQL;
			productReference = 1E9D4B771A03011100201983 /* liblibReQL.dylib */;
			productType = "com.apple.product-type.library.dynamic";
		};
		1E9D4B811A03011100201983 /* libReQLTests */ = {
			isa = PBXNativeTarget;
			buildConfigurationList = 1E9D4B8E1A03011100201983 /* Build configuration list for PBXNativeTarget "libReQLTests" */;
			buildPhases = (
				1E9D4B7E1A03011100201983 /* Sources */,
				1E9D4B7F1A03011100201983 /* Frameworks */,
				1E9D4B801A03011100201983 /* Resources */,
			);
			buildRules = (
			);
			dependencies = (
				1E9D4B851A03011100201983 /* PBXTargetDependency */,
			);
			name = libReQLTests;
			productName = libReQLTests;
			productReference = 1E9D4B821A03011100201983 /* libReQLTests.xctest */;
			productType = "com.apple.product-type.bundle.unit-test";
		};
/* End PBXNativeTarget section */

/* Begin PBXProject section */
		1E9D4B6F1A03011100201983 /* Project object */ = {
			isa = PBXProject;
			attributes = {
				LastUpgradeCheck = 0610;
				ORGANIZATIONNAME = "Adam Grandquist";
				TargetAttributes = {
					1E0915DE1A1A7385007952FE = {
						CreatedOnToolsVersion = 6.1;
					};
					1E3F9A0A1A3524F10065A82F = {
						CreatedOnToolsVersion = 6.1.1;
					};
					1E8435611A17193D008167E6 = {
						CreatedOnToolsVersion = 6.1;
					};
					1E9D4B761A03011100201983 = {
						CreatedOnToolsVersion = 6.1;
					};
					1E9D4B811A03011100201983 = {
						CreatedOnToolsVersion = 6.1;
					};
				};
			};
			buildConfigurationList = 1E9D4B721A03011100201983 /* Build configuration list for PBXProject "libReQL" */;
			compatibilityVersion = "Xcode 3.2";
			developmentRegion = English;
			hasScannedForEncodings = 0;
			knownRegions = (
				en,
			);
			mainGroup = 1E9D4B6E1A03011100201983;
			productRefGroup = 1E9D4B781A03011100201983 /* Products */;
			projectDirPath = "";
			projectRoot = "";
			targets = (
				1E9D4B761A03011100201983 /* libReQL */,
				1E9D4B811A03011100201983 /* libReQLTests */,
				1E8435611A17193D008167E6 /* libReQL-Lua */,
				1E0915DE1A1A7385007952FE /* libReQL-CPP */,
				1E3F9A0A1A3524F10065A82F /* libReQL-Python */,
			);
		};
/* End PBXProject section */

/* Begin PBXResourcesBuildPhase section */
		1E9D4B801A03011100201983 /* Resources */ = {
			isa = PBXResourcesBuildPhase;
			buildActionMask = 2147483647;
			files = (
			);
			runOnlyForDeploymentPostprocessing = 0;
		};
/* End PBXResourcesBuildPhase section */

/* Begin PBXSourcesBuildPhase section */
		1E0915DB1A1A7385007952FE /* Sources */ = {
			isa = PBXSourcesBuildPhase;
			buildActionMask = 2147483647;
			files = (
				1E0915EA1A1A73A9007952FE /* ReQL-ast.c in Sources */,
				87A31C5D1A4B2109002B8CC7 /* ReQL-expr-test.cpp in Sources */,
				87A31C611A4B211C002B8CC7 /* ReQL-ast-test.cpp in Sources */,
				1E0915F81A1A73D3007952FE /* ReQL-CPP.cpp in Sources */,
				1E0915EC1A1A73A9007952FE /* ReQL-expr.c in Sources */,
				87E33B631A54DE7800F3C411 /* ReQL-encode.c in Sources */,
				1E0915FA1A1A73D3007952FE /* ReQL-expr-CPP.cpp in Sources */,
				8760588A1A47AF0F00FEA3E9 /* ReQL-json.c in Sources */,
				1E0915EE1A1A73A9007952FE /* ReQL.c in Sources */,
				1E0915F61A1A73D3007952FE /* ReQL-ast-CPP.cpp in Sources */,
				87E33B5B1A54DE7800F3C411 /* ReQL-decode.c in Sources */,
				87A31C5A1A4B20D6002B8CC7 /* ReQL-test.cpp in Sources */,
			);
			runOnlyForDeploymentPostprocessing = 0;
		};
		1E3F9A071A3524F10065A82F /* Sources */ = {
			isa = PBXSourcesBuildPhase;
			buildActionMask = 2147483647;
			files = (
				1E3F9A111A35250F0065A82F /* ReQL-expr.c in Sources */,
				1E3F9A1E1A35253F0065A82F /* ReQL-Python.c in Sources */,
				1E3F9A0F1A35250F0065A82F /* ReQL-ast.c in Sources */,
				87E33B5C1A54DE7800F3C411 /* ReQL-decode.c in Sources */,
				1E3F9A1A1A35253F0065A82F /* ReQL-ast-Python.c in Sources */,
				87E33B641A54DE7800F3C411 /* ReQL-encode.c in Sources */,
				8760588B1A47AF0F00FEA3E9 /* ReQL-json.c in Sources */,
				1E3F9A131A35250F0065A82F /* ReQL.c in Sources */,
				1E3F9A1C1A35253F0065A82F /* ReQL-expr-Python.c in Sources */,
			);
			runOnlyForDeploymentPostprocessing = 0;
		};
		1E84355E1A17193D008167E6 /* Sources */ = {
			isa = PBXSourcesBuildPhase;
			buildActionMask = 2147483647;
			files = (
				1E8435721A171A1F008167E6 /* ReQL-expr.c in Sources */,
				1E8435701A171A19008167E6 /* ReQL-ast.c in Sources */,
				1E84356B1A171A0F008167E6 /* ReQL-ast-Lua.c in Sources */,
				87E33B5A1A54DE7800F3C411 /* ReQL-decode.c in Sources */,
				1E84356F1A171A0F008167E6 /* ReQL-Lua.c in Sources */,
				87E33B621A54DE7800F3C411 /* ReQL-encode.c in Sources */,
				876058891A47AF0F00FEA3E9 /* ReQL-json.c in Sources */,
				1E84356D1A171A0F008167E6 /* ReQL-expr-Lua.c in Sources */,
				1E8435741A171A2D008167E6 /* ReQL.c in Sources */,
			);
			runOnlyForDeploymentPostprocessing = 0;
		};
		1E9D4B731A03011100201983 /* Sources */ = {
			isa = PBXSourcesBuildPhase;
			buildActionMask = 2147483647;
			files = (
				1ED0666B1A030AE8005225FD /* ReQL.c in Sources */,
				1ED066661A030AE8005225FD /* ReQL-ast-ObjC.m in Sources */,
				1ED066751A046AC1005225FD /* ReQL-expr-ObjC.m in Sources */,
				87E33B591A54DE7800F3C411 /* ReQL-decode.c in Sources */,
				1ED0666A1A030AE8005225FD /* ReQL-ObjC.m in Sources */,
				87E33B611A54DE7800F3C411 /* ReQL-encode.c in Sources */,
				876058881A47AF0F00FEA3E9 /* ReQL-json.c in Sources */,
				1ED066761A046AC1005225FD /* ReQL-expr.c in Sources */,
				1ED066671A030AE8005225FD /* ReQL-ast.c in Sources */,
			);
			runOnlyForDeploymentPostprocessing = 0;
		};
		1E9D4B7E1A03011100201983 /* Sources */ = {
			isa = PBXSourcesBuildPhase;
			buildActionMask = 2147483647;
			files = (
				879743B21A426437009F1A58 /* connect_test.m in Sources */,
			);
			runOnlyForDeploymentPostprocessing = 0;
		};
/* End PBXSourcesBuildPhase section */

/* Begin PBXTargetDependency section */
		1E9D4B851A03011100201983 /* PBXTargetDependency */ = {
			isa = PBXTargetDependency;
			target = 1E9D4B761A03011100201983 /* libReQL */;
			targetProxy = 1E9D4B841A03011100201983 /* PBXContainerItemProxy */;
		};
/* End PBXTargetDependency section */

/* Begin XCBuildConfiguration section */
		1E0915E71A1A7385007952FE /* Debug */ = {
			isa = XCBuildConfiguration;
			buildSettings = {
				DYLIB_COMPATIBILITY_VERSION = 1;
				DYLIB_CURRENT_VERSION = 1;
				EXECUTABLE_PREFIX = lib;
				GCC_ENABLE_CPP_EXCEPTIONS = YES;
				GCC_ENABLE_CPP_RTTI = YES;
				GCC_PREPROCESSOR_DEFINITIONS = (
					"DEBUG=1",
					"$(inherited)",
				);
				GCC_SYMBOLS_PRIVATE_EXTERN = YES;
				PRODUCT_NAME = "$(TARGET_NAME)";
			};
			name = Debug;
		};
		1E0915E81A1A7385007952FE /* Release */ = {
			isa = XCBuildConfiguration;
			buildSettings = {
				DYLIB_COMPATIBILITY_VERSION = 1;
				DYLIB_CURRENT_VERSION = 1;
				EXECUTABLE_PREFIX = lib;
				GCC_ENABLE_CPP_EXCEPTIONS = YES;
				GCC_ENABLE_CPP_RTTI = YES;
				GCC_SYMBOLS_PRIVATE_EXTERN = YES;
				PRODUCT_NAME = "$(TARGET_NAME)";
			};
			name = Release;
		};
		1E3F9A0C1A3524F10065A82F /* Debug */ = {
			isa = XCBuildConfiguration;
			buildSettings = {
				DYLIB_COMPATIBILITY_VERSION = 1;
				DYLIB_CURRENT_VERSION = 1;
				EXECUTABLE_PREFIX = lib;
				GCC_PREPROCESSOR_DEFINITIONS = (
					"DEBUG=1",
					"$(inherited)",
				);
				HEADER_SEARCH_PATHS = (
					"$(inherited)",
					/Applications/Xcode.app/Contents/Developer/Toolchains/XcodeDefault.xctoolchain/usr/include,
					/usr/local/Cellar/python3/3.4.2_1/Frameworks/Python.framework/Versions/3.4/include/python3.4m,
				);
				OTHER_LDFLAGS = (
					"-undefined",
					dynamic_lookup,
					"-L/usr/local/lib",
					"-L/usr/local/opt/sqlite/lib",
				);
				PRODUCT_NAME = "$(TARGET_NAME)";
			};
			name = Debug;
		};
		1E3F9A0D1A3524F10065A82F /* Release */ = {
			isa = XCBuildConfiguration;
			buildSettings = {
				DYLIB_COMPATIBILITY_VERSION = 1;
				DYLIB_CURRENT_VERSION = 1;
				EXECUTABLE_PREFIX = lib;
				HEADER_SEARCH_PATHS = (
					"$(inherited)",
					/Applications/Xcode.app/Contents/Developer/Toolchains/XcodeDefault.xctoolchain/usr/include,
					/usr/local/Cellar/python3/3.4.2_1/Frameworks/Python.framework/Versions/3.4/include/python3.4m,
				);
				OTHER_LDFLAGS = (
					"-undefined",
					dynamic_lookup,
					"-L/usr/local/lib",
					"-L/usr/local/opt/sqlite/lib",
				);
				PRODUCT_NAME = "$(TARGET_NAME)";
			};
			name = Release;
		};
		1E8435631A17193D008167E6 /* Debug */ = {
			isa = XCBuildConfiguration;
			buildSettings = {
				DYLIB_COMPATIBILITY_VERSION = 1;
				DYLIB_CURRENT_VERSION = 1;
				EXECUTABLE_PREFIX = lib;
				GCC_PREPROCESSOR_DEFINITIONS = (
					"DEBUG=1",
					"$(inherited)",
				);
				HEADER_SEARCH_PATHS = (
					"$(inherited)",
					/Applications/Xcode.app/Contents/Developer/Toolchains/XcodeDefault.xctoolchain/usr/include,
					/usr/local/include/lua5.2,
				);
				LIBRARY_SEARCH_PATHS = "";
				OTHER_CFLAGS = "";
				OTHER_LDFLAGS = (
					"-undefined",
					dynamic_lookup,
					"-all_load",
					"-L/usr/local/opt/lua/lib",
				);
				PRODUCT_NAME = "$(TARGET_NAME)";
			};
			name = Debug;
		};
		1E8435641A17193D008167E6 /* Release */ = {
			isa = XCBuildConfiguration;
			buildSettings = {
				DYLIB_COMPATIBILITY_VERSION = 1;
				DYLIB_CURRENT_VERSION = 1;
				EXECUTABLE_PREFIX = lib;
				HEADER_SEARCH_PATHS = (
					"$(inherited)",
					/Applications/Xcode.app/Contents/Developer/Toolchains/XcodeDefault.xctoolchain/usr/include,
					/usr/local/include/lua5.2,
				);
				LIBRARY_SEARCH_PATHS = "";
				OTHER_CFLAGS = "";
				OTHER_LDFLAGS = (
					"-undefined",
					dynamic_lookup,
					"-all_load",
					"-L/usr/local/opt/lua/lib",
				);
				PRODUCT_NAME = "$(TARGET_NAME)";
			};
			name = Release;
		};
		1E9D4B891A03011100201983 /* Debug */ = {
			isa = XCBuildConfiguration;
			buildSettings = {
				ALWAYS_SEARCH_USER_PATHS = NO;
				CLANG_CXX_LANGUAGE_STANDARD = "gnu++0x";
				CLANG_CXX_LIBRARY = "libc++";
				CLANG_ENABLE_MODULES = YES;
				CLANG_ENABLE_OBJC_ARC = YES;
				CLANG_WARN_BOOL_CONVERSION = YES;
				CLANG_WARN_CONSTANT_CONVERSION = YES;
				CLANG_WARN_DIRECT_OBJC_ISA_USAGE = YES_ERROR;
				CLANG_WARN_EMPTY_BODY = YES;
				CLANG_WARN_ENUM_CONVERSION = YES;
				CLANG_WARN_INT_CONVERSION = YES;
				CLANG_WARN_OBJC_ROOT_CLASS = YES_ERROR;
				CLANG_WARN_UNREACHABLE_CODE = YES;
				CLANG_WARN__DUPLICATE_METHOD_MATCH = YES;
				COPY_PHASE_STRIP = NO;
				ENABLE_STRICT_OBJC_MSGSEND = YES;
				GCC_C_LANGUAGE_STANDARD = gnu99;
				GCC_DYNAMIC_NO_PIC = NO;
				GCC_OPTIMIZATION_LEVEL = 0;
				GCC_PREPROCESSOR_DEFINITIONS = (
					"DEBUG=1",
					"$(inherited)",
				);
				GCC_SYMBOLS_PRIVATE_EXTERN = NO;
				GCC_WARN_64_TO_32_BIT_CONVERSION = YES;
				GCC_WARN_ABOUT_RETURN_TYPE = YES_ERROR;
				GCC_WARN_UNDECLARED_SELECTOR = YES;
				GCC_WARN_UNINITIALIZED_AUTOS = YES_AGGRESSIVE;
				GCC_WARN_UNUSED_FUNCTION = YES;
				GCC_WARN_UNUSED_VARIABLE = YES;
				MACOSX_DEPLOYMENT_TARGET = 10.10;
				MTL_ENABLE_DEBUG_INFO = YES;
				ONLY_ACTIVE_ARCH = YES;
				SDKROOT = macosx;
			};
			name = Debug;
		};
		1E9D4B8A1A03011100201983 /* Release */ = {
			isa = XCBuildConfiguration;
			buildSettings = {
				ALWAYS_SEARCH_USER_PATHS = NO;
				CLANG_CXX_LANGUAGE_STANDARD = "gnu++0x";
				CLANG_CXX_LIBRARY = "libc++";
				CLANG_ENABLE_MODULES = YES;
				CLANG_ENABLE_OBJC_ARC = YES;
				CLANG_WARN_BOOL_CONVERSION = YES;
				CLANG_WARN_CONSTANT_CONVERSION = YES;
				CLANG_WARN_DIRECT_OBJC_ISA_USAGE = YES_ERROR;
				CLANG_WARN_EMPTY_BODY = YES;
				CLANG_WARN_ENUM_CONVERSION = YES;
				CLANG_WARN_INT_CONVERSION = YES;
				CLANG_WARN_OBJC_ROOT_CLASS = YES_ERROR;
				CLANG_WARN_UNREACHABLE_CODE = YES;
				CLANG_WARN__DUPLICATE_METHOD_MATCH = YES;
				COPY_PHASE_STRIP = YES;
				DEBUG_INFORMATION_FORMAT = "dwarf-with-dsym";
				ENABLE_NS_ASSERTIONS = NO;
				ENABLE_STRICT_OBJC_MSGSEND = YES;
				GCC_C_LANGUAGE_STANDARD = gnu99;
				GCC_WARN_64_TO_32_BIT_CONVERSION = YES;
				GCC_WARN_ABOUT_RETURN_TYPE = YES_ERROR;
				GCC_WARN_UNDECLARED_SELECTOR = YES;
				GCC_WARN_UNINITIALIZED_AUTOS = YES_AGGRESSIVE;
				GCC_WARN_UNUSED_FUNCTION = YES;
				GCC_WARN_UNUSED_VARIABLE = YES;
				MACOSX_DEPLOYMENT_TARGET = 10.10;
				MTL_ENABLE_DEBUG_INFO = NO;
				SDKROOT = macosx;
			};
			name = Release;
		};
		1E9D4B8C1A03011100201983 /* Debug */ = {
			isa = XCBuildConfiguration;
			buildSettings = {
				DYLIB_COMPATIBILITY_VERSION = 1;
				DYLIB_CURRENT_VERSION = 1;
				EXECUTABLE_PREFIX = lib;
				PRODUCT_NAME = "$(TARGET_NAME)";
			};
			name = Debug;
		};
		1E9D4B8D1A03011100201983 /* Release */ = {
			isa = XCBuildConfiguration;
			buildSettings = {
				DYLIB_COMPATIBILITY_VERSION = 1;
				DYLIB_CURRENT_VERSION = 1;
				EXECUTABLE_PREFIX = lib;
				PRODUCT_NAME = "$(TARGET_NAME)";
			};
			name = Release;
		};
		1E9D4B8F1A03011100201983 /* Debug */ = {
			isa = XCBuildConfiguration;
			buildSettings = {
				COMBINE_HIDPI_IMAGES = YES;
				FRAMEWORK_SEARCH_PATHS = (
					"$(DEVELOPER_FRAMEWORKS_DIR)",
					"$(inherited)",
				);
				GCC_PREPROCESSOR_DEFINITIONS = (
					"DEBUG=1",
					"$(inherited)",
				);
				INFOPLIST_FILE = test/Info.plist;
				LD_RUNPATH_SEARCH_PATHS = "$(inherited) @executable_path/../Frameworks @loader_path/../Frameworks";
				PRODUCT_NAME = "$(TARGET_NAME)";
			};
			name = Debug;
		};
		1E9D4B901A03011100201983 /* Release */ = {
			isa = XCBuildConfiguration;
			buildSettings = {
				COMBINE_HIDPI_IMAGES = YES;
				FRAMEWORK_SEARCH_PATHS = (
					"$(DEVELOPER_FRAMEWORKS_DIR)",
					"$(inherited)",
				);
				INFOPLIST_FILE = test/Info.plist;
				LD_RUNPATH_SEARCH_PATHS = "$(inherited) @executable_path/../Frameworks @loader_path/../Frameworks";
				PRODUCT_NAME = "$(TARGET_NAME)";
			};
			name = Release;
		};
/* End XCBuildConfiguration section */

/* Begin XCConfigurationList section */
		1E0915E91A1A7385007952FE /* Build configuration list for PBXNativeTarget "libReQL-CPP" */ = {
			isa = XCConfigurationList;
			buildConfigurations = (
				1E0915E71A1A7385007952FE /* Debug */,
				1E0915E81A1A7385007952FE /* Release */,
			);
			defaultConfigurationIsVisible = 0;
			defaultConfigurationName = Release;
		};
		1E3F9A0E1A3524F10065A82F /* Build configuration list for PBXNativeTarget "libReQL-Python" */ = {
			isa = XCConfigurationList;
			buildConfigurations = (
				1E3F9A0C1A3524F10065A82F /* Debug */,
				1E3F9A0D1A3524F10065A82F /* Release */,
			);
			defaultConfigurationIsVisible = 0;
			defaultConfigurationName = Release;
		};
		1E8435651A17193D008167E6 /* Build configuration list for PBXNativeTarget "libReQL-Lua" */ = {
			isa = XCConfigurationList;
			buildConfigurations = (
				1E8435631A17193D008167E6 /* Debug */,
				1E8435641A17193D008167E6 /* Release */,
			);
			defaultConfigurationIsVisible = 0;
			defaultConfigurationName = Release;
		};
		1E9D4B721A03011100201983 /* Build configuration list for PBXProject "libReQL" */ = {
			isa = XCConfigurationList;
			buildConfigurations = (
				1E9D4B891A03011100201983 /* Debug */,
				1E9D4B8A1A03011100201983 /* Release */,
			);
			defaultConfigurationIsVisible = 0;
			defaultConfigurationName = Release;
		};
		1E9D4B8B1A03011100201983 /* Build configuration list for PBXNativeTarget "libReQL" */ = {
			isa = XCConfigurationList;
			buildConfigurations = (
				1E9D4B8C1A03011100201983 /* Debug */,
				1E9D4B8D1A03011100201983 /* Release */,
			);
			defaultConfigurationIsVisible = 0;
			defaultConfigurationName = Release;
		};
		1E9D4B8E1A03011100201983 /* Build configuration list for PBXNativeTarget "libReQLTests" */ = {
			isa = XCConfigurationList;
			buildConfigurations = (
				1E9D4B8F1A03011100201983 /* Debug */,
				1E9D4B901A03011100201983 /* Release */,
			);
			defaultConfigurationIsVisible = 0;
			defaultConfigurationName = Release;
		};
/* End XCConfigurationList section */
	};
	rootObject = 1E9D4B6F1A03011100201983 /* Project object */;
}
